// !$*UTF8*$!
{
	archiveVersion = 1;
	classes = {
	};
	objectVersion = 55;
	objects = {

/* Begin PBXBuildFile section */
		732D821F28123D1C00EFF407 /* Realm in Frameworks */ = {isa = PBXBuildFile; productRef = 732D821E28123D1C00EFF407 /* Realm */; };
		732D822128123D1C00EFF407 /* RealmSwift in Frameworks */ = {isa = PBXBuildFile; productRef = 732D822028123D1C00EFF407 /* RealmSwift */; };
		732D8224281276F500EFF407 /* LaunchView.swift in Sources */ = {isa = PBXBuildFile; fileRef = 732D8223281276F500EFF407 /* LaunchView.swift */; };
		732D82262812773800EFF407 /* LaunchModel.swift in Sources */ = {isa = PBXBuildFile; fileRef = 732D82252812773800EFF407 /* LaunchModel.swift */; };
		732D82292812790000EFF407 /* TestSimpleWebView.swift in Sources */ = {isa = PBXBuildFile; fileRef = 732D82282812790000EFF407 /* TestSimpleWebView.swift */; };
		732D822B2812790D00EFF407 /* TestLottieView.swift in Sources */ = {isa = PBXBuildFile; fileRef = 732D822A2812790D00EFF407 /* TestLottieView.swift */; };
		732D822D2812794900EFF407 /* spinner.json in Resources */ = {isa = PBXBuildFile; fileRef = 732D822C2812794900EFF407 /* spinner.json */; };
		732D823028127BA600EFF407 /* REAME.md in Resources */ = {isa = PBXBuildFile; fileRef = 732D822F28127BA600EFF407 /* REAME.md */; };
		732D823228127F8600EFF407 /* MyImageView.swift in Sources */ = {isa = PBXBuildFile; fileRef = 732D823128127F8600EFF407 /* MyImageView.swift */; };
		732D823528127FFC00EFF407 /* README.md in Resources */ = {isa = PBXBuildFile; fileRef = 732D823428127FFC00EFF407 /* README.md */; };
		732D82372812801800EFF407 /* ConcurrencyModel.swift in Sources */ = {isa = PBXBuildFile; fileRef = 732D82362812801800EFF407 /* ConcurrencyModel.swift */; };
		732D8239281280AA00EFF407 /* AppConstant.swift in Sources */ = {isa = PBXBuildFile; fileRef = 732D8238281280AA00EFF407 /* AppConstant.swift */; };
		732D823B281281B900EFF407 /* ConcurrencyView.swift in Sources */ = {isa = PBXBuildFile; fileRef = 732D823A281281B900EFF407 /* ConcurrencyView.swift */; };
		732D823E281281F800EFF407 /* ConfigView.swift in Sources */ = {isa = PBXBuildFile; fileRef = 732D823D281281F800EFF407 /* ConfigView.swift */; };
		732D82402812820600EFF407 /* ConfigModel.swift in Sources */ = {isa = PBXBuildFile; fileRef = 732D823F2812820600EFF407 /* ConfigModel.swift */; };
		732D82422812821400EFF407 /* ConfigStorage.swift in Sources */ = {isa = PBXBuildFile; fileRef = 732D82412812821400EFF407 /* ConfigStorage.swift */; };
		A912471E28C092EF0082285D /* WheelPickerView.swift in Sources */ = {isa = PBXBuildFile; fileRef = A912471D28C092EF0082285D /* WheelPickerView.swift */; };
		A912472128C09AE50082285D /* Triangulation .swift in Sources */ = {isa = PBXBuildFile; fileRef = A912472028C09AE50082285D /* Triangulation .swift */; };
		A912472D28C09C530082285D /* TriangulationView.swift in Sources */ = {isa = PBXBuildFile; fileRef = A912472328C09C530082285D /* TriangulationView.swift */; };
		A912472E28C09C530082285D /* Hash.swift in Sources */ = {isa = PBXBuildFile; fileRef = A912472428C09C530082285D /* Hash.swift */; };
		A912472F28C09C530082285D /* Circumcircle.swift in Sources */ = {isa = PBXBuildFile; fileRef = A912472528C09C530082285D /* Circumcircle.swift */; };
		A912473028C09C530082285D /* Edge.swift in Sources */ = {isa = PBXBuildFile; fileRef = A912472628C09C530082285D /* Edge.swift */; };
		A912473128C09C530082285D /* Extension.swift in Sources */ = {isa = PBXBuildFile; fileRef = A912472728C09C530082285D /* Extension.swift */; };
		A912473328C09C530082285D /* Vertex.swift in Sources */ = {isa = PBXBuildFile; fileRef = A912472A28C09C530082285D /* Vertex.swift */; };
		A912473428C09C530082285D /* Triangle.swift in Sources */ = {isa = PBXBuildFile; fileRef = A912472B28C09C530082285D /* Triangle.swift */; };
		A912473528C09C530082285D /* Delaunay.swift in Sources */ = {isa = PBXBuildFile; fileRef = A912472C28C09C530082285D /* Delaunay.swift */; };
		A938B3332790F3D600B43CD5 /* TextModifer.swift in Sources */ = {isa = PBXBuildFile; fileRef = A938B3322790F3D600B43CD5 /* TextModifer.swift */; };
		A938B3352790F9F100B43CD5 /* SampleTextView.swift in Sources */ = {isa = PBXBuildFile; fileRef = A938B3342790F9F100B43CD5 /* SampleTextView.swift */; };
		A938B3372790FE1300B43CD5 /* AppDelegate.swift in Sources */ = {isa = PBXBuildFile; fileRef = A938B3362790FE1300B43CD5 /* AppDelegate.swift */; };
		A94122CA280FF4DE0025F8D4 /* BookView.swift in Sources */ = {isa = PBXBuildFile; fileRef = A94122C9280FF4DE0025F8D4 /* BookView.swift */; };
		A94122CC280FF4E90025F8D4 /* BookEditView.swift in Sources */ = {isa = PBXBuildFile; fileRef = A94122CB280FF4E90025F8D4 /* BookEditView.swift */; };
		A94122CE280FF4F20025F8D4 /* Book.swift in Sources */ = {isa = PBXBuildFile; fileRef = A94122CD280FF4F20025F8D4 /* Book.swift */; };
		A94122D0280FF60F0025F8D4 /* BookContainerView.swift in Sources */ = {isa = PBXBuildFile; fileRef = A94122CF280FF60F0025F8D4 /* BookContainerView.swift */; };
		A94CB8B5278FA48400AFFB98 /* TemplateApp.swift in Sources */ = {isa = PBXBuildFile; fileRef = A94CB8B4278FA48400AFFB98 /* TemplateApp.swift */; };
		A94CB8B7278FA48400AFFB98 /* ContentView.swift in Sources */ = {isa = PBXBuildFile; fileRef = A94CB8B6278FA48400AFFB98 /* ContentView.swift */; };
		A94CB8B9278FA48500AFFB98 /* Assets.xcassets in Resources */ = {isa = PBXBuildFile; fileRef = A94CB8B8278FA48500AFFB98 /* Assets.xcassets */; };
		A94CB8BC278FA48500AFFB98 /* Preview Assets.xcassets in Resources */ = {isa = PBXBuildFile; fileRef = A94CB8BB278FA48500AFFB98 /* Preview Assets.xcassets */; };
		A94CB8BE278FA48500AFFB98 /* Persistence.swift in Sources */ = {isa = PBXBuildFile; fileRef = A94CB8BD278FA48500AFFB98 /* Persistence.swift */; };
		A94CB8C1278FA48500AFFB98 /* Template.xcdatamodeld in Sources */ = {isa = PBXBuildFile; fileRef = A94CB8BF278FA48500AFFB98 /* Template.xcdatamodeld */; };
		A94CB8CB278FA48500AFFB98 /* TemplateTests.swift in Sources */ = {isa = PBXBuildFile; fileRef = A94CB8CA278FA48500AFFB98 /* TemplateTests.swift */; };
		A94CB8D5278FA48500AFFB98 /* TemplateUITests.swift in Sources */ = {isa = PBXBuildFile; fileRef = A94CB8D4278FA48500AFFB98 /* TemplateUITests.swift */; };
		A94CB8D7278FA48500AFFB98 /* TemplateUITestsLaunchTests.swift in Sources */ = {isa = PBXBuildFile; fileRef = A94CB8D6278FA48500AFFB98 /* TemplateUITestsLaunchTests.swift */; };
		A94CB8E4278FA53000AFFB98 /* Extensions+Color.swift in Sources */ = {isa = PBXBuildFile; fileRef = A94CB8E3278FA53000AFFB98 /* Extensions+Color.swift */; };
		A94CB8E6278FA63600AFFB98 /* SampleColorView.swift in Sources */ = {isa = PBXBuildFile; fileRef = A94CB8E5278FA63600AFFB98 /* SampleColorView.swift */; };
		A957FFA5282A466F005B7572 /* Extensions+FileManager.swift in Sources */ = {isa = PBXBuildFile; fileRef = A957FFA4282A466F005B7572 /* Extensions+FileManager.swift */; };
		A95B3C66281FAFC400FAA802 /* TestMyFileView.swift in Sources */ = {isa = PBXBuildFile; fileRef = A95B3C65281FAFC400FAA802 /* TestMyFileView.swift */; };
		A95B3C6B281FBB9F00FAA802 /* TestPhotoPickerView.swift in Sources */ = {isa = PBXBuildFile; fileRef = A95B3C6A281FBB9F00FAA802 /* TestPhotoPickerView.swift */; };
		A9637E59278FB8BA005E4654 /* SampleButtonView.swift in Sources */ = {isa = PBXBuildFile; fileRef = A9637E58278FB8BA005E4654 /* SampleButtonView.swift */; };
		A9637E5B278FB92F005E4654 /* ButtonStyles.swift in Sources */ = {isa = PBXBuildFile; fileRef = A9637E5A278FB92F005E4654 /* ButtonStyles.swift */; };
		A9637E5D278FE2A5005E4654 /* SampleBadgeView.swift in Sources */ = {isa = PBXBuildFile; fileRef = A9637E5C278FE2A5005E4654 /* SampleBadgeView.swift */; };
		A9637E5F278FE5E1005E4654 /* Badge.swift in Sources */ = {isa = PBXBuildFile; fileRef = A9637E5E278FE5E1005E4654 /* Badge.swift */; };
		A9637E66278FEF41005E4654 /* APIEventLogger.swift in Sources */ = {isa = PBXBuildFile; fileRef = A9637E61278FEF41005E4654 /* APIEventLogger.swift */; };
		A9637E67278FEF41005E4654 /* AuthInterceptor.swift in Sources */ = {isa = PBXBuildFile; fileRef = A9637E62278FEF41005E4654 /* AuthInterceptor.swift */; };
		A9637E68278FEF41005E4654 /* APIManager.swift in Sources */ = {isa = PBXBuildFile; fileRef = A9637E63278FEF41005E4654 /* APIManager.swift */; };
		A9637E69278FEF41005E4654 /* Router.swift in Sources */ = {isa = PBXBuildFile; fileRef = A9637E64278FEF41005E4654 /* Router.swift */; };
		A9637E6A278FEF41005E4654 /* WebPages.swift in Sources */ = {isa = PBXBuildFile; fileRef = A9637E65278FEF41005E4654 /* WebPages.swift */; };
		A9637E76278FEFF9005E4654 /* BoardType.swift in Sources */ = {isa = PBXBuildFile; fileRef = A9637E75278FEFF9005E4654 /* BoardType.swift */; };
		A9637E78278FF0C8005E4654 /* BoardListView.swift in Sources */ = {isa = PBXBuildFile; fileRef = A9637E77278FF0C8005E4654 /* BoardListView.swift */; };
		A9637E7A278FF117005E4654 /* BoardModel.swift in Sources */ = {isa = PBXBuildFile; fileRef = A9637E79278FF117005E4654 /* BoardModel.swift */; };
		A9637E7D278FF1AD005E4654 /* LSSLibrary in Frameworks */ = {isa = PBXBuildFile; productRef = A9637E7C278FF1AD005E4654 /* LSSLibrary */; };
		A9637E80278FF4DE005E4654 /* CoreConfig.swift in Sources */ = {isa = PBXBuildFile; fileRef = A9637E7F278FF4DE005E4654 /* CoreConfig.swift */; };
		A9637E83278FF9F1005E4654 /* MainView.swift in Sources */ = {isa = PBXBuildFile; fileRef = A9637E82278FF9F1005E4654 /* MainView.swift */; };
		A9637E86278FFA0E005E4654 /* SampleCoreConfig.swift in Sources */ = {isa = PBXBuildFile; fileRef = A9637E85278FFA0E005E4654 /* SampleCoreConfig.swift */; };
		A9637E8B279001EE005E4654 /* Config.swift in Sources */ = {isa = PBXBuildFile; fileRef = A9637E8A279001EE005E4654 /* Config.swift */; };
		A9637E8D27900201005E4654 /* ConfigKey.swift in Sources */ = {isa = PBXBuildFile; fileRef = A9637E8C27900201005E4654 /* ConfigKey.swift */; };
		A96C7D9E281BA00900968949 /* BarcodeView.swift in Sources */ = {isa = PBXBuildFile; fileRef = A96C7D9D281BA00900968949 /* BarcodeView.swift */; };
		A96C7DA0281BA0B900968949 /* TestArchiveView.swift in Sources */ = {isa = PBXBuildFile; fileRef = A96C7D9F281BA0B900968949 /* TestArchiveView.swift */; };
		A96D32E528177542004E9CCE /* Country+CoreDataClass.swift in Sources */ = {isa = PBXBuildFile; fileRef = A96D32E128177542004E9CCE /* Country+CoreDataClass.swift */; };
		A96D32E628177542004E9CCE /* Country+CoreDataProperties.swift in Sources */ = {isa = PBXBuildFile; fileRef = A96D32E228177542004E9CCE /* Country+CoreDataProperties.swift */; };
		A96D32E728177542004E9CCE /* Candy+CoreDataClass.swift in Sources */ = {isa = PBXBuildFile; fileRef = A96D32E328177542004E9CCE /* Candy+CoreDataClass.swift */; };
		A96D32E828177542004E9CCE /* Candy+CoreDataProperties.swift in Sources */ = {isa = PBXBuildFile; fileRef = A96D32E428177542004E9CCE /* Candy+CoreDataProperties.swift */; };
		A96D32EA28177592004E9CCE /* CoreData+README.md in Resources */ = {isa = PBXBuildFile; fileRef = A96D32E928177592004E9CCE /* CoreData+README.md */; };
		A96D32ED28177D2C004E9CCE /* CountryListView.swift in Sources */ = {isa = PBXBuildFile; fileRef = A96D32EC28177D2C004E9CCE /* CountryListView.swift */; };
		A96D32F028178B61004E9CCE /* Config+CoreDataClass.swift in Sources */ = {isa = PBXBuildFile; fileRef = A96D32EE28178B61004E9CCE /* Config+CoreDataClass.swift */; };
		A96D32F128178B61004E9CCE /* Config+CoreDataProperties.swift in Sources */ = {isa = PBXBuildFile; fileRef = A96D32EF28178B61004E9CCE /* Config+CoreDataProperties.swift */; };
		A9761B332828CF21007A0827 /* WidgetKit.framework in Frameworks */ = {isa = PBXBuildFile; fileRef = A9761B1D2828CE2A007A0827 /* WidgetKit.framework */; };
		A9761B342828CF21007A0827 /* SwiftUI.framework in Frameworks */ = {isa = PBXBuildFile; fileRef = A9761B1F2828CE2A007A0827 /* SwiftUI.framework */; };
		A9761B372828CF21007A0827 /* MyWidget.swift in Sources */ = {isa = PBXBuildFile; fileRef = A9761B362828CF21007A0827 /* MyWidget.swift */; };
		A9761B392828CF22007A0827 /* Assets.xcassets in Resources */ = {isa = PBXBuildFile; fileRef = A9761B382828CF22007A0827 /* Assets.xcassets */; };
		A9761B3D2828CF22007A0827 /* MyWidgetExtension.appex in Embed App Extensions */ = {isa = PBXBuildFile; fileRef = A9761B322828CF21007A0827 /* MyWidgetExtension.appex */; settings = {ATTRIBUTES = (RemoveHeadersOnCopy, ); }; };
		A9761B422828DBD0007A0827 /* WidgetContent.swift in Sources */ = {isa = PBXBuildFile; fileRef = A9761B412828DBD0007A0827 /* WidgetContent.swift */; };
		A9761B432828DBD0007A0827 /* WidgetContent.swift in Sources */ = {isa = PBXBuildFile; fileRef = A9761B412828DBD0007A0827 /* WidgetContent.swift */; };
		A9761B452828DC2E007A0827 /* EntryView.swift in Sources */ = {isa = PBXBuildFile; fileRef = A9761B442828DC2E007A0827 /* EntryView.swift */; };
		A98C555E2820CFC4003072A5 /* TestPhotoPickerStartView.swift in Sources */ = {isa = PBXBuildFile; fileRef = A98C555D2820CFC4003072A5 /* TestPhotoPickerStartView.swift */; };
		A98C55622820F2D1003072A5 /* TestPopupView.swift in Sources */ = {isa = PBXBuildFile; fileRef = A98C55612820F2D1003072A5 /* TestPopupView.swift */; };
		A98C55642820F41C003072A5 /* App+Color.swift in Sources */ = {isa = PBXBuildFile; fileRef = A98C55632820F41C003072A5 /* App+Color.swift */; };
		A98C55662820F537003072A5 /* App+Font.swift in Sources */ = {isa = PBXBuildFile; fileRef = A98C55652820F537003072A5 /* App+Font.swift */; };
		A98C55682820FF5B003072A5 /* TestCalendarView.swift in Sources */ = {isa = PBXBuildFile; fileRef = A98C55672820FF5B003072A5 /* TestCalendarView.swift */; };
		A98C556B2821146D003072A5 /* SlideMenuView.swift in Sources */ = {isa = PBXBuildFile; fileRef = A98C556A2821146D003072A5 /* SlideMenuView.swift */; };
		A98C556D2821147A003072A5 /* TestSlideMenuView.swift in Sources */ = {isa = PBXBuildFile; fileRef = A98C556C2821147A003072A5 /* TestSlideMenuView.swift */; };
		A98EE0D727A126B0006C070F /* SampleGalleryView.swift in Sources */ = {isa = PBXBuildFile; fileRef = A98EE0D627A126B0006C070F /* SampleGalleryView.swift */; };
		A994A4E728220683007D3D05 /* LoginView.swift in Sources */ = {isa = PBXBuildFile; fileRef = A994A4E628220683007D3D05 /* LoginView.swift */; };
		A994A4ED28221056007D3D05 /* ViewInspector in Frameworks */ = {isa = PBXBuildFile; productRef = A994A4EC28221056007D3D05 /* ViewInspector */; };
		A994A4EF2822381D007D3D05 /* App+URL.swift in Sources */ = {isa = PBXBuildFile; fileRef = A994A4EE2822381D007D3D05 /* App+URL.swift */; };
		A994A4F128223924007D3D05 /* App+URLTests.swift in Sources */ = {isa = PBXBuildFile; fileRef = A994A4F028223924007D3D05 /* App+URLTests.swift */; };
		A994A4F228223973007D3D05 /* App+URL.swift in Sources */ = {isa = PBXBuildFile; fileRef = A994A4EE2822381D007D3D05 /* App+URL.swift */; };
		A994A4F328223977007D3D05 /* App+URL.swift in Sources */ = {isa = PBXBuildFile; fileRef = A994A4EE2822381D007D3D05 /* App+URL.swift */; };
		A994A4F528224448007D3D05 /* ConfigKeyTests.swift in Sources */ = {isa = PBXBuildFile; fileRef = A994A4F428224448007D3D05 /* ConfigKeyTests.swift */; };
		A994A4F628224466007D3D05 /* ConfigKey.swift in Sources */ = {isa = PBXBuildFile; fileRef = A9637E8C27900201005E4654 /* ConfigKey.swift */; };
		A99FA6B528C04DB20044BECB /* PaginationView.swift in Sources */ = {isa = PBXBuildFile; fileRef = A99FA6B428C04DB20044BECB /* PaginationView.swift */; };
		A99FA6B728C0514F0044BECB /* TestInfiniteScrollView.swift in Sources */ = {isa = PBXBuildFile; fileRef = A99FA6B628C0514F0044BECB /* TestInfiniteScrollView.swift */; };
		A99FA6B928C067050044BECB /* TestScrollViewOffsetView.swift in Sources */ = {isa = PBXBuildFile; fileRef = A99FA6B828C067050044BECB /* TestScrollViewOffsetView.swift */; };
		A99FA6BB28C077040044BECB /* TestPreferenceView.swift in Sources */ = {isa = PBXBuildFile; fileRef = A99FA6BA28C077040044BECB /* TestPreferenceView.swift */; };
		A9C033DD281BB60E0028D8C0 /* GraphView.swift in Sources */ = {isa = PBXBuildFile; fileRef = A9C033DC281BB60E0028D8C0 /* GraphView.swift */; };
		A9C033DF281BB7D00028D8C0 /* TestGraphView.swift in Sources */ = {isa = PBXBuildFile; fileRef = A9C033DE281BB7D00028D8C0 /* TestGraphView.swift */; };
		A9C033E1281BBD010028D8C0 /* TestLSSButtonStyleView.swift in Sources */ = {isa = PBXBuildFile; fileRef = A9C033E0281BBD010028D8C0 /* TestLSSButtonStyleView.swift */; };
		A9D71BE1282DF0B800BCF4D7 /* ContentRepository.swift in Sources */ = {isa = PBXBuildFile; fileRef = A9D71BE0282DF0B800BCF4D7 /* ContentRepository.swift */; };
		A9D71BE2282DF4B400BCF4D7 /* Extensions+FileManager.swift in Sources */ = {isa = PBXBuildFile; fileRef = A957FFA4282A466F005B7572 /* Extensions+FileManager.swift */; };
		A9D71BEB282E295800BCF4D7 /* TimelineInterval.intentdefinition in Sources */ = {isa = PBXBuildFile; fileRef = A9D71BEA282E295800BCF4D7 /* TimelineInterval.intentdefinition */; };
		A9D71BEC282E296700BCF4D7 /* TimelineInterval.intentdefinition in Sources */ = {isa = PBXBuildFile; fileRef = A9D71BEA282E295800BCF4D7 /* TimelineInterval.intentdefinition */; settings = {ATTRIBUTES = (no_codegen, ); }; };
		A9F1380C2824F5430055E1C7 /* CloseWindowView.swift in Sources */ = {isa = PBXBuildFile; fileRef = A9F1380B2824F5430055E1C7 /* CloseWindowView.swift */; };
/* End PBXBuildFile section */

/* Begin PBXContainerItemProxy section */
		A94CB8C7278FA48500AFFB98 /* PBXContainerItemProxy */ = {
			isa = PBXContainerItemProxy;
			containerPortal = A94CB8A9278FA48400AFFB98 /* Project object */;
			proxyType = 1;
			remoteGlobalIDString = A94CB8B0278FA48400AFFB98;
			remoteInfo = Template;
		};
		A94CB8D1278FA48500AFFB98 /* PBXContainerItemProxy */ = {
			isa = PBXContainerItemProxy;
			containerPortal = A94CB8A9278FA48400AFFB98 /* Project object */;
			proxyType = 1;
			remoteGlobalIDString = A94CB8B0278FA48400AFFB98;
			remoteInfo = Template;
		};
		A9761B3B2828CF22007A0827 /* PBXContainerItemProxy */ = {
			isa = PBXContainerItemProxy;
			containerPortal = A94CB8A9278FA48400AFFB98 /* Project object */;
			proxyType = 1;
			remoteGlobalIDString = A9761B312828CF21007A0827;
			remoteInfo = MyWidgetExtension;
		};
/* End PBXContainerItemProxy section */

/* Begin PBXCopyFilesBuildPhase section */
		A9761B2A2828CE2A007A0827 /* Embed App Extensions */ = {
			isa = PBXCopyFilesBuildPhase;
			buildActionMask = 2147483647;
			dstPath = "";
			dstSubfolderSpec = 13;
			files = (
				A9761B3D2828CF22007A0827 /* MyWidgetExtension.appex in Embed App Extensions */,
			);
			name = "Embed App Extensions";
			runOnlyForDeploymentPostprocessing = 0;
		};
/* End PBXCopyFilesBuildPhase section */

/* Begin PBXFileReference section */
		732D8223281276F500EFF407 /* LaunchView.swift */ = {isa = PBXFileReference; lastKnownFileType = sourcecode.swift; path = LaunchView.swift; sourceTree = "<group>"; };
		732D82252812773800EFF407 /* LaunchModel.swift */ = {isa = PBXFileReference; lastKnownFileType = sourcecode.swift; path = LaunchModel.swift; sourceTree = "<group>"; };
		732D82282812790000EFF407 /* TestSimpleWebView.swift */ = {isa = PBXFileReference; lastKnownFileType = sourcecode.swift; path = TestSimpleWebView.swift; sourceTree = "<group>"; };
		732D822A2812790D00EFF407 /* TestLottieView.swift */ = {isa = PBXFileReference; lastKnownFileType = sourcecode.swift; path = TestLottieView.swift; sourceTree = "<group>"; };
		732D822C2812794900EFF407 /* spinner.json */ = {isa = PBXFileReference; fileEncoding = 4; lastKnownFileType = text.json; path = spinner.json; sourceTree = "<group>"; };
		732D822E28127A3400EFF407 /* Info.plist */ = {isa = PBXFileReference; lastKnownFileType = text.plist; path = Info.plist; sourceTree = "<group>"; };
		732D822F28127BA600EFF407 /* REAME.md */ = {isa = PBXFileReference; lastKnownFileType = net.daringfireball.markdown; path = REAME.md; sourceTree = "<group>"; };
		732D823128127F8600EFF407 /* MyImageView.swift */ = {isa = PBXFileReference; lastKnownFileType = sourcecode.swift; path = MyImageView.swift; sourceTree = "<group>"; };
		732D823428127FFC00EFF407 /* README.md */ = {isa = PBXFileReference; lastKnownFileType = net.daringfireball.markdown; path = README.md; sourceTree = "<group>"; };
		732D82362812801800EFF407 /* ConcurrencyModel.swift */ = {isa = PBXFileReference; lastKnownFileType = sourcecode.swift; path = ConcurrencyModel.swift; sourceTree = "<group>"; };
		732D8238281280AA00EFF407 /* AppConstant.swift */ = {isa = PBXFileReference; lastKnownFileType = sourcecode.swift; path = AppConstant.swift; sourceTree = "<group>"; };
		732D823A281281B900EFF407 /* ConcurrencyView.swift */ = {isa = PBXFileReference; lastKnownFileType = sourcecode.swift; path = ConcurrencyView.swift; sourceTree = "<group>"; };
		732D823D281281F800EFF407 /* ConfigView.swift */ = {isa = PBXFileReference; lastKnownFileType = sourcecode.swift; path = ConfigView.swift; sourceTree = "<group>"; };
		732D823F2812820600EFF407 /* ConfigModel.swift */ = {isa = PBXFileReference; lastKnownFileType = sourcecode.swift; path = ConfigModel.swift; sourceTree = "<group>"; };
		732D82412812821400EFF407 /* ConfigStorage.swift */ = {isa = PBXFileReference; lastKnownFileType = sourcecode.swift; path = ConfigStorage.swift; sourceTree = "<group>"; };
		A912471D28C092EF0082285D /* WheelPickerView.swift */ = {isa = PBXFileReference; lastKnownFileType = sourcecode.swift; path = WheelPickerView.swift; sourceTree = "<group>"; };
		A912472028C09AE50082285D /* Triangulation .swift */ = {isa = PBXFileReference; lastKnownFileType = sourcecode.swift; path = "Triangulation .swift"; sourceTree = "<group>"; };
		A912472328C09C530082285D /* TriangulationView.swift */ = {isa = PBXFileReference; fileEncoding = 4; lastKnownFileType = sourcecode.swift; path = TriangulationView.swift; sourceTree = "<group>"; };
		A912472428C09C530082285D /* Hash.swift */ = {isa = PBXFileReference; fileEncoding = 4; lastKnownFileType = sourcecode.swift; path = Hash.swift; sourceTree = "<group>"; };
		A912472528C09C530082285D /* Circumcircle.swift */ = {isa = PBXFileReference; fileEncoding = 4; lastKnownFileType = sourcecode.swift; path = Circumcircle.swift; sourceTree = "<group>"; };
		A912472628C09C530082285D /* Edge.swift */ = {isa = PBXFileReference; fileEncoding = 4; lastKnownFileType = sourcecode.swift; path = Edge.swift; sourceTree = "<group>"; };
		A912472728C09C530082285D /* Extension.swift */ = {isa = PBXFileReference; fileEncoding = 4; lastKnownFileType = sourcecode.swift; path = Extension.swift; sourceTree = "<group>"; };
		A912472A28C09C530082285D /* Vertex.swift */ = {isa = PBXFileReference; fileEncoding = 4; lastKnownFileType = sourcecode.swift; path = Vertex.swift; sourceTree = "<group>"; };
		A912472B28C09C530082285D /* Triangle.swift */ = {isa = PBXFileReference; fileEncoding = 4; lastKnownFileType = sourcecode.swift; path = Triangle.swift; sourceTree = "<group>"; };
		A912472C28C09C530082285D /* Delaunay.swift */ = {isa = PBXFileReference; fileEncoding = 4; lastKnownFileType = sourcecode.swift; path = Delaunay.swift; sourceTree = "<group>"; };
		A938B3322790F3D600B43CD5 /* TextModifer.swift */ = {isa = PBXFileReference; lastKnownFileType = sourcecode.swift; path = TextModifer.swift; sourceTree = "<group>"; };
		A938B3342790F9F100B43CD5 /* SampleTextView.swift */ = {isa = PBXFileReference; lastKnownFileType = sourcecode.swift; path = SampleTextView.swift; sourceTree = "<group>"; };
		A938B3362790FE1300B43CD5 /* AppDelegate.swift */ = {isa = PBXFileReference; lastKnownFileType = sourcecode.swift; path = AppDelegate.swift; sourceTree = "<group>"; };
		A94122C9280FF4DE0025F8D4 /* BookView.swift */ = {isa = PBXFileReference; lastKnownFileType = sourcecode.swift; path = BookView.swift; sourceTree = "<group>"; };
		A94122CB280FF4E90025F8D4 /* BookEditView.swift */ = {isa = PBXFileReference; lastKnownFileType = sourcecode.swift; path = BookEditView.swift; sourceTree = "<group>"; };
		A94122CD280FF4F20025F8D4 /* Book.swift */ = {isa = PBXFileReference; lastKnownFileType = sourcecode.swift; path = Book.swift; sourceTree = "<group>"; };
		A94122CF280FF60F0025F8D4 /* BookContainerView.swift */ = {isa = PBXFileReference; lastKnownFileType = sourcecode.swift; path = BookContainerView.swift; sourceTree = "<group>"; };
		A94CB8B1278FA48400AFFB98 /* Template.app */ = {isa = PBXFileReference; explicitFileType = wrapper.application; includeInIndex = 0; path = Template.app; sourceTree = BUILT_PRODUCTS_DIR; };
		A94CB8B4278FA48400AFFB98 /* TemplateApp.swift */ = {isa = PBXFileReference; lastKnownFileType = sourcecode.swift; path = TemplateApp.swift; sourceTree = "<group>"; };
		A94CB8B6278FA48400AFFB98 /* ContentView.swift */ = {isa = PBXFileReference; lastKnownFileType = sourcecode.swift; path = ContentView.swift; sourceTree = "<group>"; };
		A94CB8B8278FA48500AFFB98 /* Assets.xcassets */ = {isa = PBXFileReference; lastKnownFileType = folder.assetcatalog; path = Assets.xcassets; sourceTree = "<group>"; };
		A94CB8BB278FA48500AFFB98 /* Preview Assets.xcassets */ = {isa = PBXFileReference; lastKnownFileType = folder.assetcatalog; path = "Preview Assets.xcassets"; sourceTree = "<group>"; };
		A94CB8BD278FA48500AFFB98 /* Persistence.swift */ = {isa = PBXFileReference; lastKnownFileType = sourcecode.swift; path = Persistence.swift; sourceTree = "<group>"; };
		A94CB8C0278FA48500AFFB98 /* Template.xcdatamodel */ = {isa = PBXFileReference; lastKnownFileType = wrapper.xcdatamodel; path = Template.xcdatamodel; sourceTree = "<group>"; };
		A94CB8C6278FA48500AFFB98 /* TemplateTests.xctest */ = {isa = PBXFileReference; explicitFileType = wrapper.cfbundle; includeInIndex = 0; path = TemplateTests.xctest; sourceTree = BUILT_PRODUCTS_DIR; };
		A94CB8CA278FA48500AFFB98 /* TemplateTests.swift */ = {isa = PBXFileReference; lastKnownFileType = sourcecode.swift; path = TemplateTests.swift; sourceTree = "<group>"; };
		A94CB8D0278FA48500AFFB98 /* TemplateUITests.xctest */ = {isa = PBXFileReference; explicitFileType = wrapper.cfbundle; includeInIndex = 0; path = TemplateUITests.xctest; sourceTree = BUILT_PRODUCTS_DIR; };
		A94CB8D4278FA48500AFFB98 /* TemplateUITests.swift */ = {isa = PBXFileReference; lastKnownFileType = sourcecode.swift; path = TemplateUITests.swift; sourceTree = "<group>"; };
		A94CB8D6278FA48500AFFB98 /* TemplateUITestsLaunchTests.swift */ = {isa = PBXFileReference; lastKnownFileType = sourcecode.swift; path = TemplateUITestsLaunchTests.swift; sourceTree = "<group>"; };
		A94CB8E3278FA53000AFFB98 /* Extensions+Color.swift */ = {isa = PBXFileReference; lastKnownFileType = sourcecode.swift; path = "Extensions+Color.swift"; sourceTree = "<group>"; };
		A94CB8E5278FA63600AFFB98 /* SampleColorView.swift */ = {isa = PBXFileReference; lastKnownFileType = sourcecode.swift; path = SampleColorView.swift; sourceTree = "<group>"; };
		A957FFA4282A466F005B7572 /* Extensions+FileManager.swift */ = {isa = PBXFileReference; lastKnownFileType = sourcecode.swift; path = "Extensions+FileManager.swift"; sourceTree = "<group>"; };
		A95B3C65281FAFC400FAA802 /* TestMyFileView.swift */ = {isa = PBXFileReference; lastKnownFileType = sourcecode.swift; path = TestMyFileView.swift; sourceTree = "<group>"; };
		A95B3C6A281FBB9F00FAA802 /* TestPhotoPickerView.swift */ = {isa = PBXFileReference; lastKnownFileType = sourcecode.swift; path = TestPhotoPickerView.swift; sourceTree = "<group>"; };
		A9637E58278FB8BA005E4654 /* SampleButtonView.swift */ = {isa = PBXFileReference; lastKnownFileType = sourcecode.swift; path = SampleButtonView.swift; sourceTree = "<group>"; };
		A9637E5A278FB92F005E4654 /* ButtonStyles.swift */ = {isa = PBXFileReference; lastKnownFileType = sourcecode.swift; path = ButtonStyles.swift; sourceTree = "<group>"; };
		A9637E5C278FE2A5005E4654 /* SampleBadgeView.swift */ = {isa = PBXFileReference; lastKnownFileType = sourcecode.swift; path = SampleBadgeView.swift; sourceTree = "<group>"; };
		A9637E5E278FE5E1005E4654 /* Badge.swift */ = {isa = PBXFileReference; lastKnownFileType = sourcecode.swift; path = Badge.swift; sourceTree = "<group>"; };
		A9637E61278FEF41005E4654 /* APIEventLogger.swift */ = {isa = PBXFileReference; fileEncoding = 4; lastKnownFileType = sourcecode.swift; path = APIEventLogger.swift; sourceTree = "<group>"; };
		A9637E62278FEF41005E4654 /* AuthInterceptor.swift */ = {isa = PBXFileReference; fileEncoding = 4; lastKnownFileType = sourcecode.swift; path = AuthInterceptor.swift; sourceTree = "<group>"; };
		A9637E63278FEF41005E4654 /* APIManager.swift */ = {isa = PBXFileReference; fileEncoding = 4; lastKnownFileType = sourcecode.swift; path = APIManager.swift; sourceTree = "<group>"; };
		A9637E64278FEF41005E4654 /* Router.swift */ = {isa = PBXFileReference; fileEncoding = 4; lastKnownFileType = sourcecode.swift; path = Router.swift; sourceTree = "<group>"; };
		A9637E65278FEF41005E4654 /* WebPages.swift */ = {isa = PBXFileReference; fileEncoding = 4; lastKnownFileType = sourcecode.swift; path = WebPages.swift; sourceTree = "<group>"; };
		A9637E75278FEFF9005E4654 /* BoardType.swift */ = {isa = PBXFileReference; lastKnownFileType = sourcecode.swift; path = BoardType.swift; sourceTree = "<group>"; };
		A9637E77278FF0C8005E4654 /* BoardListView.swift */ = {isa = PBXFileReference; lastKnownFileType = sourcecode.swift; path = BoardListView.swift; sourceTree = "<group>"; };
		A9637E79278FF117005E4654 /* BoardModel.swift */ = {isa = PBXFileReference; lastKnownFileType = sourcecode.swift; path = BoardModel.swift; sourceTree = "<group>"; };
		A9637E7F278FF4DE005E4654 /* CoreConfig.swift */ = {isa = PBXFileReference; lastKnownFileType = sourcecode.swift; path = CoreConfig.swift; sourceTree = "<group>"; };
		A9637E82278FF9F1005E4654 /* MainView.swift */ = {isa = PBXFileReference; lastKnownFileType = sourcecode.swift; path = MainView.swift; sourceTree = "<group>"; };
		A9637E85278FFA0E005E4654 /* SampleCoreConfig.swift */ = {isa = PBXFileReference; lastKnownFileType = sourcecode.swift; path = SampleCoreConfig.swift; sourceTree = "<group>"; };
		A9637E8A279001EE005E4654 /* Config.swift */ = {isa = PBXFileReference; lastKnownFileType = sourcecode.swift; path = Config.swift; sourceTree = "<group>"; };
		A9637E8C27900201005E4654 /* ConfigKey.swift */ = {isa = PBXFileReference; lastKnownFileType = sourcecode.swift; path = ConfigKey.swift; sourceTree = "<group>"; };
		A96C7D9D281BA00900968949 /* BarcodeView.swift */ = {isa = PBXFileReference; fileEncoding = 4; lastKnownFileType = sourcecode.swift; path = BarcodeView.swift; sourceTree = "<group>"; };
		A96C7D9F281BA0B900968949 /* TestArchiveView.swift */ = {isa = PBXFileReference; lastKnownFileType = sourcecode.swift; path = TestArchiveView.swift; sourceTree = "<group>"; };
		A96D32E128177542004E9CCE /* Country+CoreDataClass.swift */ = {isa = PBXFileReference; lastKnownFileType = sourcecode.swift; path = "Country+CoreDataClass.swift"; sourceTree = "<group>"; };
		A96D32E228177542004E9CCE /* Country+CoreDataProperties.swift */ = {isa = PBXFileReference; lastKnownFileType = sourcecode.swift; path = "Country+CoreDataProperties.swift"; sourceTree = "<group>"; };
		A96D32E328177542004E9CCE /* Candy+CoreDataClass.swift */ = {isa = PBXFileReference; lastKnownFileType = sourcecode.swift; path = "Candy+CoreDataClass.swift"; sourceTree = "<group>"; };
		A96D32E428177542004E9CCE /* Candy+CoreDataProperties.swift */ = {isa = PBXFileReference; lastKnownFileType = sourcecode.swift; path = "Candy+CoreDataProperties.swift"; sourceTree = "<group>"; };
		A96D32E928177592004E9CCE /* CoreData+README.md */ = {isa = PBXFileReference; lastKnownFileType = net.daringfireball.markdown; path = "CoreData+README.md"; sourceTree = "<group>"; };
		A96D32EC28177D2C004E9CCE /* CountryListView.swift */ = {isa = PBXFileReference; lastKnownFileType = sourcecode.swift; path = CountryListView.swift; sourceTree = "<group>"; };
		A96D32EE28178B61004E9CCE /* Config+CoreDataClass.swift */ = {isa = PBXFileReference; lastKnownFileType = sourcecode.swift; path = "Config+CoreDataClass.swift"; sourceTree = "<group>"; };
		A96D32EF28178B61004E9CCE /* Config+CoreDataProperties.swift */ = {isa = PBXFileReference; lastKnownFileType = sourcecode.swift; path = "Config+CoreDataProperties.swift"; sourceTree = "<group>"; };
		A9761B1D2828CE2A007A0827 /* WidgetKit.framework */ = {isa = PBXFileReference; lastKnownFileType = wrapper.framework; name = WidgetKit.framework; path = System/Library/Frameworks/WidgetKit.framework; sourceTree = SDKROOT; };
		A9761B1F2828CE2A007A0827 /* SwiftUI.framework */ = {isa = PBXFileReference; lastKnownFileType = wrapper.framework; name = SwiftUI.framework; path = System/Library/Frameworks/SwiftUI.framework; sourceTree = SDKROOT; };
		A9761B322828CF21007A0827 /* MyWidgetExtension.appex */ = {isa = PBXFileReference; explicitFileType = "wrapper.app-extension"; includeInIndex = 0; path = MyWidgetExtension.appex; sourceTree = BUILT_PRODUCTS_DIR; };
		A9761B362828CF21007A0827 /* MyWidget.swift */ = {isa = PBXFileReference; lastKnownFileType = sourcecode.swift; path = MyWidget.swift; sourceTree = "<group>"; };
		A9761B382828CF22007A0827 /* Assets.xcassets */ = {isa = PBXFileReference; lastKnownFileType = folder.assetcatalog; path = Assets.xcassets; sourceTree = "<group>"; };
		A9761B3A2828CF22007A0827 /* Info.plist */ = {isa = PBXFileReference; lastKnownFileType = text.plist.xml; path = Info.plist; sourceTree = "<group>"; };
		A9761B412828DBD0007A0827 /* WidgetContent.swift */ = {isa = PBXFileReference; lastKnownFileType = sourcecode.swift; path = WidgetContent.swift; sourceTree = "<group>"; };
		A9761B442828DC2E007A0827 /* EntryView.swift */ = {isa = PBXFileReference; lastKnownFileType = sourcecode.swift; path = EntryView.swift; sourceTree = "<group>"; };
		A9761B462828F7DB007A0827 /* Template.entitlements */ = {isa = PBXFileReference; lastKnownFileType = text.plist.entitlements; path = Template.entitlements; sourceTree = "<group>"; };
		A98C555D2820CFC4003072A5 /* TestPhotoPickerStartView.swift */ = {isa = PBXFileReference; lastKnownFileType = sourcecode.swift; path = TestPhotoPickerStartView.swift; sourceTree = "<group>"; };
		A98C55612820F2D1003072A5 /* TestPopupView.swift */ = {isa = PBXFileReference; fileEncoding = 4; lastKnownFileType = sourcecode.swift; path = TestPopupView.swift; sourceTree = "<group>"; };
		A98C55632820F41C003072A5 /* App+Color.swift */ = {isa = PBXFileReference; lastKnownFileType = sourcecode.swift; path = "App+Color.swift"; sourceTree = "<group>"; };
		A98C55652820F537003072A5 /* App+Font.swift */ = {isa = PBXFileReference; lastKnownFileType = sourcecode.swift; path = "App+Font.swift"; sourceTree = "<group>"; };
		A98C55672820FF5B003072A5 /* TestCalendarView.swift */ = {isa = PBXFileReference; lastKnownFileType = sourcecode.swift; path = TestCalendarView.swift; sourceTree = "<group>"; };
		A98C556A2821146D003072A5 /* SlideMenuView.swift */ = {isa = PBXFileReference; lastKnownFileType = sourcecode.swift; path = SlideMenuView.swift; sourceTree = "<group>"; };
		A98C556C2821147A003072A5 /* TestSlideMenuView.swift */ = {isa = PBXFileReference; lastKnownFileType = sourcecode.swift; path = TestSlideMenuView.swift; sourceTree = "<group>"; };
		A98EE0D627A126B0006C070F /* SampleGalleryView.swift */ = {isa = PBXFileReference; lastKnownFileType = sourcecode.swift; path = SampleGalleryView.swift; sourceTree = "<group>"; };
		A994A4E628220683007D3D05 /* LoginView.swift */ = {isa = PBXFileReference; lastKnownFileType = sourcecode.swift; path = LoginView.swift; sourceTree = "<group>"; };
		A994A4EE2822381D007D3D05 /* App+URL.swift */ = {isa = PBXFileReference; lastKnownFileType = sourcecode.swift; path = "App+URL.swift"; sourceTree = "<group>"; };
		A994A4F028223924007D3D05 /* App+URLTests.swift */ = {isa = PBXFileReference; lastKnownFileType = sourcecode.swift; path = "App+URLTests.swift"; sourceTree = "<group>"; };
		A994A4F428224448007D3D05 /* ConfigKeyTests.swift */ = {isa = PBXFileReference; lastKnownFileType = sourcecode.swift; path = ConfigKeyTests.swift; sourceTree = "<group>"; };
		A99FA6B428C04DB20044BECB /* PaginationView.swift */ = {isa = PBXFileReference; fileEncoding = 4; lastKnownFileType = sourcecode.swift; path = PaginationView.swift; sourceTree = "<group>"; };
		A99FA6B628C0514F0044BECB /* TestInfiniteScrollView.swift */ = {isa = PBXFileReference; lastKnownFileType = sourcecode.swift; path = TestInfiniteScrollView.swift; sourceTree = "<group>"; };
		A99FA6B828C067050044BECB /* TestScrollViewOffsetView.swift */ = {isa = PBXFileReference; lastKnownFileType = sourcecode.swift; path = TestScrollViewOffsetView.swift; sourceTree = "<group>"; };
		A99FA6BA28C077040044BECB /* TestPreferenceView.swift */ = {isa = PBXFileReference; lastKnownFileType = sourcecode.swift; path = TestPreferenceView.swift; sourceTree = "<group>"; };
		A9C033DC281BB60E0028D8C0 /* GraphView.swift */ = {isa = PBXFileReference; lastKnownFileType = sourcecode.swift; path = GraphView.swift; sourceTree = "<group>"; };
		A9C033DE281BB7D00028D8C0 /* TestGraphView.swift */ = {isa = PBXFileReference; lastKnownFileType = sourcecode.swift; path = TestGraphView.swift; sourceTree = "<group>"; };
		A9C033E0281BBD010028D8C0 /* TestLSSButtonStyleView.swift */ = {isa = PBXFileReference; lastKnownFileType = sourcecode.swift; path = TestLSSButtonStyleView.swift; sourceTree = "<group>"; };
		A9D71BE0282DF0B800BCF4D7 /* ContentRepository.swift */ = {isa = PBXFileReference; lastKnownFileType = sourcecode.swift; path = ContentRepository.swift; sourceTree = "<group>"; };
		A9D71BE3282DF7D900BCF4D7 /* MyWidgetExtension.entitlements */ = {isa = PBXFileReference; lastKnownFileType = text.plist.entitlements; path = MyWidgetExtension.entitlements; sourceTree = "<group>"; };
		A9D71BEA282E295800BCF4D7 /* TimelineInterval.intentdefinition */ = {isa = PBXFileReference; lastKnownFileType = file.intentdefinition; path = TimelineInterval.intentdefinition; sourceTree = "<group>"; };
		A9F1380B2824F5430055E1C7 /* CloseWindowView.swift */ = {isa = PBXFileReference; lastKnownFileType = sourcecode.swift; path = CloseWindowView.swift; sourceTree = "<group>"; };
/* End PBXFileReference section */

/* Begin PBXFrameworksBuildPhase section */
		A94CB8AE278FA48400AFFB98 /* Frameworks */ = {
			isa = PBXFrameworksBuildPhase;
			buildActionMask = 2147483647;
			files = (
				732D822128123D1C00EFF407 /* RealmSwift in Frameworks */,
				732D821F28123D1C00EFF407 /* Realm in Frameworks */,
				A9637E7D278FF1AD005E4654 /* LSSLibrary in Frameworks */,
			);
			runOnlyForDeploymentPostprocessing = 0;
		};
		A94CB8C3278FA48500AFFB98 /* Frameworks */ = {
			isa = PBXFrameworksBuildPhase;
			buildActionMask = 2147483647;
			files = (
				A994A4ED28221056007D3D05 /* ViewInspector in Frameworks */,
			);
			runOnlyForDeploymentPostprocessing = 0;
		};
		A94CB8CD278FA48500AFFB98 /* Frameworks */ = {
			isa = PBXFrameworksBuildPhase;
			buildActionMask = 2147483647;
			files = (
			);
			runOnlyForDeploymentPostprocessing = 0;
		};
		A9761B2F2828CF21007A0827 /* Frameworks */ = {
			isa = PBXFrameworksBuildPhase;
			buildActionMask = 2147483647;
			files = (
				A9761B342828CF21007A0827 /* SwiftUI.framework in Frameworks */,
				A9761B332828CF21007A0827 /* WidgetKit.framework in Frameworks */,
			);
			runOnlyForDeploymentPostprocessing = 0;
		};
/* End PBXFrameworksBuildPhase section */

/* Begin PBXGroup section */
		732D8222281276BD00EFF407 /* Launch */ = {
			isa = PBXGroup;
			children = (
				A94CB8B4278FA48400AFFB98 /* TemplateApp.swift */,
				A938B3362790FE1300B43CD5 /* AppDelegate.swift */,
				732D8223281276F500EFF407 /* LaunchView.swift */,
				732D82252812773800EFF407 /* LaunchModel.swift */,
			);
			path = Launch;
			sourceTree = "<group>";
		};
		732D8227281278E900EFF407 /* TestUI */ = {
			isa = PBXGroup;
			children = (
				A912472228C09C530082285D /* Triangulation */,
				A99FA6B428C04DB20044BECB /* PaginationView.swift */,
				A98C556928211458003072A5 /* SlideMenu */,
				A98C55612820F2D1003072A5 /* TestPopupView.swift */,
				A95B3C67281FB7D800FAA802 /* PhotoPicker */,
				A9C033DC281BB60E0028D8C0 /* GraphView.swift */,
				732D823C281281E200EFF407 /* Config */,
				732D823328127FCF00EFF407 /* Concurrency */,
				732D82282812790000EFF407 /* TestSimpleWebView.swift */,
				732D822C2812794900EFF407 /* spinner.json */,
				732D822A2812790D00EFF407 /* TestLottieView.swift */,
				A96C7D9F281BA0B900968949 /* TestArchiveView.swift */,
				A9C033DE281BB7D00028D8C0 /* TestGraphView.swift */,
				A9C033E0281BBD010028D8C0 /* TestLSSButtonStyleView.swift */,
				A95B3C65281FAFC400FAA802 /* TestMyFileView.swift */,
				A99FA6B628C0514F0044BECB /* TestInfiniteScrollView.swift */,
				A99FA6B828C067050044BECB /* TestScrollViewOffsetView.swift */,
				A99FA6BA28C077040044BECB /* TestPreferenceView.swift */,
				A912471D28C092EF0082285D /* WheelPickerView.swift */,
				A912472028C09AE50082285D /* Triangulation .swift */,
			);
			path = TestUI;
			sourceTree = "<group>";
		};
		732D823328127FCF00EFF407 /* Concurrency */ = {
			isa = PBXGroup;
			children = (
				732D823428127FFC00EFF407 /* README.md */,
				732D82362812801800EFF407 /* ConcurrencyModel.swift */,
				732D823A281281B900EFF407 /* ConcurrencyView.swift */,
			);
			path = Concurrency;
			sourceTree = "<group>";
		};
		732D823C281281E200EFF407 /* Config */ = {
			isa = PBXGroup;
			children = (
				732D823D281281F800EFF407 /* ConfigView.swift */,
				732D823F2812820600EFF407 /* ConfigModel.swift */,
				732D82412812821400EFF407 /* ConfigStorage.swift */,
			);
			path = Config;
			sourceTree = "<group>";
		};
		A912472228C09C530082285D /* Triangulation */ = {
			isa = PBXGroup;
			children = (
				A912472328C09C530082285D /* TriangulationView.swift */,
				A912472428C09C530082285D /* Hash.swift */,
				A912472528C09C530082285D /* Circumcircle.swift */,
				A912472628C09C530082285D /* Edge.swift */,
				A912472728C09C530082285D /* Extension.swift */,
				A912472A28C09C530082285D /* Vertex.swift */,
				A912472B28C09C530082285D /* Triangle.swift */,
				A912472C28C09C530082285D /* Delaunay.swift */,
			);
			path = Triangulation;
			sourceTree = "<group>";
		};
		A938B3312790F3AC00B43CD5 /* Modifier */ = {
			isa = PBXGroup;
			children = (
				A938B3322790F3D600B43CD5 /* TextModifer.swift */,
			);
			path = Modifier;
			sourceTree = "<group>";
		};
		A94122C8280FF4C10025F8D4 /* Views */ = {
			isa = PBXGroup;
			children = (
				A94122CF280FF60F0025F8D4 /* BookContainerView.swift */,
				A94122C9280FF4DE0025F8D4 /* BookView.swift */,
				A94122CB280FF4E90025F8D4 /* BookEditView.swift */,
				A94122CD280FF4F20025F8D4 /* Book.swift */,
				732D823128127F8600EFF407 /* MyImageView.swift */,
			);
			path = Views;
			sourceTree = "<group>";
		};
		A94CB8A8278FA48400AFFB98 = {
			isa = PBXGroup;
			children = (
				A9D71BE3282DF7D900BCF4D7 /* MyWidgetExtension.entitlements */,
				732D822F28127BA600EFF407 /* REAME.md */,
				A94CB8B3278FA48400AFFB98 /* Template */,
				A94CB8C9278FA48500AFFB98 /* TemplateTests */,
				A94CB8D3278FA48500AFFB98 /* TemplateUITests */,
				A9761B352828CF21007A0827 /* MyWidget */,
				A9761B1C2828CE2A007A0827 /* Frameworks */,
				A94CB8B2278FA48400AFFB98 /* Products */,
			);
			sourceTree = "<group>";
		};
		A94CB8B2278FA48400AFFB98 /* Products */ = {
			isa = PBXGroup;
			children = (
				A94CB8B1278FA48400AFFB98 /* Template.app */,
				A94CB8C6278FA48500AFFB98 /* TemplateTests.xctest */,
				A94CB8D0278FA48500AFFB98 /* TemplateUITests.xctest */,
				A9761B322828CF21007A0827 /* MyWidgetExtension.appex */,
			);
			name = Products;
			sourceTree = "<group>";
		};
		A94CB8B3278FA48400AFFB98 /* Template */ = {
			isa = PBXGroup;
			children = (
				A9D71BDF282DF09300BCF4D7 /* WidgetContent */,
				A9761B462828F7DB007A0827 /* Template.entitlements */,
				A96C7D9D281BA00900968949 /* BarcodeView.swift */,
				A96D32EB28177792004E9CCE /* CoreData */,
				732D822E28127A3400EFF407 /* Info.plist */,
				732D8227281278E900EFF407 /* TestUI */,
				732D8222281276BD00EFF407 /* Launch */,
				A94122C8280FF4C10025F8D4 /* Views */,
				A938B3312790F3AC00B43CD5 /* Modifier */,
				A9637E81278FF9E4005E4654 /* Main */,
				A9637E7E278FF4BC005E4654 /* Core */,
				A9637E74278FEFE6005E4654 /* Board */,
				A9637E60278FEF2B005E4654 /* Network */,
				A94CB8B6278FA48400AFFB98 /* ContentView.swift */,
				A94CB8B8278FA48500AFFB98 /* Assets.xcassets */,
				A94CB8BD278FA48500AFFB98 /* Persistence.swift */,
				A94CB8BF278FA48500AFFB98 /* Template.xcdatamodeld */,
				A94CB8BA278FA48500AFFB98 /* Preview Content */,
				A94CB8E3278FA53000AFFB98 /* Extensions+Color.swift */,
				A9637E5E278FE5E1005E4654 /* Badge.swift */,
				A9637E5A278FB92F005E4654 /* ButtonStyles.swift */,
				A9637E84278FF9FC005E4654 /* Sample */,
				A98C55672820FF5B003072A5 /* TestCalendarView.swift */,
				A994A4E628220683007D3D05 /* LoginView.swift */,
				A9F1380B2824F5430055E1C7 /* CloseWindowView.swift */,
			);
			path = Template;
			sourceTree = "<group>";
		};
		A94CB8BA278FA48500AFFB98 /* Preview Content */ = {
			isa = PBXGroup;
			children = (
				A94CB8BB278FA48500AFFB98 /* Preview Assets.xcassets */,
			);
			path = "Preview Content";
			sourceTree = "<group>";
		};
		A94CB8C9278FA48500AFFB98 /* TemplateTests */ = {
			isa = PBXGroup;
			children = (
				A94CB8CA278FA48500AFFB98 /* TemplateTests.swift */,
				A994A4F028223924007D3D05 /* App+URLTests.swift */,
				A994A4F428224448007D3D05 /* ConfigKeyTests.swift */,
			);
			path = TemplateTests;
			sourceTree = "<group>";
		};
		A94CB8D3278FA48500AFFB98 /* TemplateUITests */ = {
			isa = PBXGroup;
			children = (
				A94CB8D4278FA48500AFFB98 /* TemplateUITests.swift */,
				A94CB8D6278FA48500AFFB98 /* TemplateUITestsLaunchTests.swift */,
			);
			path = TemplateUITests;
			sourceTree = "<group>";
		};
		A95B3C67281FB7D800FAA802 /* PhotoPicker */ = {
			isa = PBXGroup;
			children = (
				A95B3C6A281FBB9F00FAA802 /* TestPhotoPickerView.swift */,
				A98C555D2820CFC4003072A5 /* TestPhotoPickerStartView.swift */,
			);
			path = PhotoPicker;
			sourceTree = "<group>";
		};
		A9637E60278FEF2B005E4654 /* Network */ = {
			isa = PBXGroup;
			children = (
				A9637E61278FEF41005E4654 /* APIEventLogger.swift */,
				A9637E63278FEF41005E4654 /* APIManager.swift */,
				A9637E62278FEF41005E4654 /* AuthInterceptor.swift */,
				A9637E64278FEF41005E4654 /* Router.swift */,
				A9637E65278FEF41005E4654 /* WebPages.swift */,
			);
			path = Network;
			sourceTree = "<group>";
		};
		A9637E74278FEFE6005E4654 /* Board */ = {
			isa = PBXGroup;
			children = (
				A9637E75278FEFF9005E4654 /* BoardType.swift */,
				A9637E77278FF0C8005E4654 /* BoardListView.swift */,
				A9637E79278FF117005E4654 /* BoardModel.swift */,
			);
			path = Board;
			sourceTree = "<group>";
		};
		A9637E7E278FF4BC005E4654 /* Core */ = {
			isa = PBXGroup;
			children = (
				A9637E7F278FF4DE005E4654 /* CoreConfig.swift */,
				A9637E8A279001EE005E4654 /* Config.swift */,
				A9637E8C27900201005E4654 /* ConfigKey.swift */,
				732D8238281280AA00EFF407 /* AppConstant.swift */,
				A98C55632820F41C003072A5 /* App+Color.swift */,
				A98C55652820F537003072A5 /* App+Font.swift */,
				A994A4EE2822381D007D3D05 /* App+URL.swift */,
				A957FFA4282A466F005B7572 /* Extensions+FileManager.swift */,
			);
			path = Core;
			sourceTree = "<group>";
		};
		A9637E81278FF9E4005E4654 /* Main */ = {
			isa = PBXGroup;
			children = (
				A9637E82278FF9F1005E4654 /* MainView.swift */,
			);
			path = Main;
			sourceTree = "<group>";
		};
		A9637E84278FF9FC005E4654 /* Sample */ = {
			isa = PBXGroup;
			children = (
				A9637E5C278FE2A5005E4654 /* SampleBadgeView.swift */,
				A94CB8E5278FA63600AFFB98 /* SampleColorView.swift */,
				A9637E58278FB8BA005E4654 /* SampleButtonView.swift */,
				A9637E85278FFA0E005E4654 /* SampleCoreConfig.swift */,
				A938B3342790F9F100B43CD5 /* SampleTextView.swift */,
				A98EE0D627A126B0006C070F /* SampleGalleryView.swift */,
			);
			path = Sample;
			sourceTree = "<group>";
		};
		A96D32E02817752C004E9CCE /* Models */ = {
			isa = PBXGroup;
			children = (
				A96D32EE28178B61004E9CCE /* Config+CoreDataClass.swift */,
				A96D32EF28178B61004E9CCE /* Config+CoreDataProperties.swift */,
				A96D32E128177542004E9CCE /* Country+CoreDataClass.swift */,
				A96D32E228177542004E9CCE /* Country+CoreDataProperties.swift */,
				A96D32E328177542004E9CCE /* Candy+CoreDataClass.swift */,
				A96D32E428177542004E9CCE /* Candy+CoreDataProperties.swift */,
				A96D32EC28177D2C004E9CCE /* CountryListView.swift */,
			);
			path = Models;
			sourceTree = "<group>";
		};
		A96D32EB28177792004E9CCE /* CoreData */ = {
			isa = PBXGroup;
			children = (
				A96D32E928177592004E9CCE /* CoreData+README.md */,
				A96D32E02817752C004E9CCE /* Models */,
			);
			path = CoreData;
			sourceTree = "<group>";
		};
		A9761B1C2828CE2A007A0827 /* Frameworks */ = {
			isa = PBXGroup;
			children = (
				A9761B1D2828CE2A007A0827 /* WidgetKit.framework */,
				A9761B1F2828CE2A007A0827 /* SwiftUI.framework */,
			);
			name = Frameworks;
			sourceTree = "<group>";
		};
		A9761B352828CF21007A0827 /* MyWidget */ = {
			isa = PBXGroup;
			children = (
				A9761B362828CF21007A0827 /* MyWidget.swift */,
				A9761B412828DBD0007A0827 /* WidgetContent.swift */,
				A9761B382828CF22007A0827 /* Assets.xcassets */,
				A9761B3A2828CF22007A0827 /* Info.plist */,
				A9761B442828DC2E007A0827 /* EntryView.swift */,
				A9D71BEA282E295800BCF4D7 /* TimelineInterval.intentdefinition */,
			);
			path = MyWidget;
			sourceTree = "<group>";
		};
		A98C556928211458003072A5 /* SlideMenu */ = {
			isa = PBXGroup;
			children = (
				A98C556A2821146D003072A5 /* SlideMenuView.swift */,
				A98C556C2821147A003072A5 /* TestSlideMenuView.swift */,
			);
			path = SlideMenu;
			sourceTree = "<group>";
		};
		A9D71BDF282DF09300BCF4D7 /* WidgetContent */ = {
			isa = PBXGroup;
			children = (
				A9D71BE0282DF0B800BCF4D7 /* ContentRepository.swift */,
			);
			path = WidgetContent;
			sourceTree = "<group>";
		};
/* End PBXGroup section */

/* Begin PBXNativeTarget section */
		A94CB8B0278FA48400AFFB98 /* Template */ = {
			isa = PBXNativeTarget;
			buildConfigurationList = A94CB8DA278FA48500AFFB98 /* Build configuration list for PBXNativeTarget "Template" */;
			buildPhases = (
				A94CB8AD278FA48400AFFB98 /* Sources */,
				A94CB8AE278FA48400AFFB98 /* Frameworks */,
				A94CB8AF278FA48400AFFB98 /* Resources */,
				A9761B2A2828CE2A007A0827 /* Embed App Extensions */,
			);
			buildRules = (
			);
			dependencies = (
				A9761B3C2828CF22007A0827 /* PBXTargetDependency */,
			);
			name = Template;
			packageProductDependencies = (
				A9637E7C278FF1AD005E4654 /* LSSLibrary */,
				732D821E28123D1C00EFF407 /* Realm */,
				732D822028123D1C00EFF407 /* RealmSwift */,
			);
			productName = Template;
			productReference = A94CB8B1278FA48400AFFB98 /* Template.app */;
			productType = "com.apple.product-type.application";
		};
		A94CB8C5278FA48500AFFB98 /* TemplateTests */ = {
			isa = PBXNativeTarget;
			buildConfigurationList = A94CB8DD278FA48500AFFB98 /* Build configuration list for PBXNativeTarget "TemplateTests" */;
			buildPhases = (
				A94CB8C2278FA48500AFFB98 /* Sources */,
				A94CB8C3278FA48500AFFB98 /* Frameworks */,
				A94CB8C4278FA48500AFFB98 /* Resources */,
			);
			buildRules = (
			);
			dependencies = (
				A94CB8C8278FA48500AFFB98 /* PBXTargetDependency */,
			);
			name = TemplateTests;
			packageProductDependencies = (
				A994A4EC28221056007D3D05 /* ViewInspector */,
			);
			productName = TemplateTests;
			productReference = A94CB8C6278FA48500AFFB98 /* TemplateTests.xctest */;
			productType = "com.apple.product-type.bundle.unit-test";
		};
		A94CB8CF278FA48500AFFB98 /* TemplateUITests */ = {
			isa = PBXNativeTarget;
			buildConfigurationList = A94CB8E0278FA48500AFFB98 /* Build configuration list for PBXNativeTarget "TemplateUITests" */;
			buildPhases = (
				A94CB8CC278FA48500AFFB98 /* Sources */,
				A94CB8CD278FA48500AFFB98 /* Frameworks */,
				A94CB8CE278FA48500AFFB98 /* Resources */,
			);
			buildRules = (
			);
			dependencies = (
				A94CB8D2278FA48500AFFB98 /* PBXTargetDependency */,
			);
			name = TemplateUITests;
			productName = TemplateUITests;
			productReference = A94CB8D0278FA48500AFFB98 /* TemplateUITests.xctest */;
			productType = "com.apple.product-type.bundle.ui-testing";
		};
		A9761B312828CF21007A0827 /* MyWidgetExtension */ = {
			isa = PBXNativeTarget;
			buildConfigurationList = A9761B3E2828CF22007A0827 /* Build configuration list for PBXNativeTarget "MyWidgetExtension" */;
			buildPhases = (
				A9761B2E2828CF21007A0827 /* Sources */,
				A9761B2F2828CF21007A0827 /* Frameworks */,
				A9761B302828CF21007A0827 /* Resources */,
			);
			buildRules = (
			);
			dependencies = (
			);
			name = MyWidgetExtension;
			productName = MyWidgetExtension;
			productReference = A9761B322828CF21007A0827 /* MyWidgetExtension.appex */;
			productType = "com.apple.product-type.app-extension";
		};
/* End PBXNativeTarget section */

/* Begin PBXProject section */
		A94CB8A9278FA48400AFFB98 /* Project object */ = {
			isa = PBXProject;
			attributes = {
				BuildIndependentTargetsInParallel = 1;
				LastSwiftUpdateCheck = 1330;
				LastUpgradeCheck = 1320;
				TargetAttributes = {
					A94CB8B0278FA48400AFFB98 = {
						CreatedOnToolsVersion = 13.2.1;
					};
					A94CB8C5278FA48500AFFB98 = {
						CreatedOnToolsVersion = 13.2.1;
						TestTargetID = A94CB8B0278FA48400AFFB98;
					};
					A94CB8CF278FA48500AFFB98 = {
						CreatedOnToolsVersion = 13.2.1;
						TestTargetID = A94CB8B0278FA48400AFFB98;
					};
					A9761B312828CF21007A0827 = {
						CreatedOnToolsVersion = 13.3.1;
					};
				};
			};
			buildConfigurationList = A94CB8AC278FA48400AFFB98 /* Build configuration list for PBXProject "Template" */;
			compatibilityVersion = "Xcode 13.0";
			developmentRegion = en;
			hasScannedForEncodings = 0;
			knownRegions = (
				en,
				Base,
			);
			mainGroup = A94CB8A8278FA48400AFFB98;
			packageReferences = (
				A9637E7B278FF1AD005E4654 /* XCRemoteSwiftPackageReference "LSSLibrary" */,
				732D821D28123D1C00EFF407 /* XCRemoteSwiftPackageReference "realm-swift" */,
				A994A4EB28221056007D3D05 /* XCRemoteSwiftPackageReference "ViewInspector" */,
			);
			productRefGroup = A94CB8B2278FA48400AFFB98 /* Products */;
			projectDirPath = "";
			projectRoot = "";
			targets = (
				A94CB8B0278FA48400AFFB98 /* Template */,
				A94CB8C5278FA48500AFFB98 /* TemplateTests */,
				A94CB8CF278FA48500AFFB98 /* TemplateUITests */,
				A9761B312828CF21007A0827 /* MyWidgetExtension */,
			);
		};
/* End PBXProject section */

/* Begin PBXResourcesBuildPhase section */
		A94CB8AF278FA48400AFFB98 /* Resources */ = {
			isa = PBXResourcesBuildPhase;
			buildActionMask = 2147483647;
			files = (
				A96D32EA28177592004E9CCE /* CoreData+README.md in Resources */,
				732D822D2812794900EFF407 /* spinner.json in Resources */,
				732D823028127BA600EFF407 /* REAME.md in Resources */,
				732D823528127FFC00EFF407 /* README.md in Resources */,
				A94CB8BC278FA48500AFFB98 /* Preview Assets.xcassets in Resources */,
				A94CB8B9278FA48500AFFB98 /* Assets.xcassets in Resources */,
			);
			runOnlyForDeploymentPostprocessing = 0;
		};
		A94CB8C4278FA48500AFFB98 /* Resources */ = {
			isa = PBXResourcesBuildPhase;
			buildActionMask = 2147483647;
			files = (
			);
			runOnlyForDeploymentPostprocessing = 0;
		};
		A94CB8CE278FA48500AFFB98 /* Resources */ = {
			isa = PBXResourcesBuildPhase;
			buildActionMask = 2147483647;
			files = (
			);
			runOnlyForDeploymentPostprocessing = 0;
		};
		A9761B302828CF21007A0827 /* Resources */ = {
			isa = PBXResourcesBuildPhase;
			buildActionMask = 2147483647;
			files = (
				A9761B392828CF22007A0827 /* Assets.xcassets in Resources */,
			);
			runOnlyForDeploymentPostprocessing = 0;
		};
/* End PBXResourcesBuildPhase section */

/* Begin PBXSourcesBuildPhase section */
		A94CB8AD278FA48400AFFB98 /* Sources */ = {
			isa = PBXSourcesBuildPhase;
			buildActionMask = 2147483647;
			files = (
				A9637E66278FEF41005E4654 /* APIEventLogger.swift in Sources */,
				A9F1380C2824F5430055E1C7 /* CloseWindowView.swift in Sources */,
				A912471E28C092EF0082285D /* WheelPickerView.swift in Sources */,
				732D82422812821400EFF407 /* ConfigStorage.swift in Sources */,
				732D8224281276F500EFF407 /* LaunchView.swift in Sources */,
				A94CB8BE278FA48500AFFB98 /* Persistence.swift in Sources */,
				A98C555E2820CFC4003072A5 /* TestPhotoPickerStartView.swift in Sources */,
				A94CB8C1278FA48500AFFB98 /* Template.xcdatamodeld in Sources */,
				A94CB8E6278FA63600AFFB98 /* SampleColorView.swift in Sources */,
				732D82292812790000EFF407 /* TestSimpleWebView.swift in Sources */,
				A99FA6B528C04DB20044BECB /* PaginationView.swift in Sources */,
				A95B3C6B281FBB9F00FAA802 /* TestPhotoPickerView.swift in Sources */,
				A9637E76278FEFF9005E4654 /* BoardType.swift in Sources */,
				A94CB8B7278FA48400AFFB98 /* ContentView.swift in Sources */,
				A96D32E828177542004E9CCE /* Candy+CoreDataProperties.swift in Sources */,
				A98EE0D727A126B0006C070F /* SampleGalleryView.swift in Sources */,
				A9637E7A278FF117005E4654 /* BoardModel.swift in Sources */,
				A94122CE280FF4F20025F8D4 /* Book.swift in Sources */,
				A94CB8E4278FA53000AFFB98 /* Extensions+Color.swift in Sources */,
				A98C556D2821147A003072A5 /* TestSlideMenuView.swift in Sources */,
				A938B3372790FE1300B43CD5 /* AppDelegate.swift in Sources */,
				732D8239281280AA00EFF407 /* AppConstant.swift in Sources */,
				A994A4EF2822381D007D3D05 /* App+URL.swift in Sources */,
				A9C033DF281BB7D00028D8C0 /* TestGraphView.swift in Sources */,
				A99FA6B728C0514F0044BECB /* TestInfiniteScrollView.swift in Sources */,
				A98C55622820F2D1003072A5 /* TestPopupView.swift in Sources */,
				A9637E78278FF0C8005E4654 /* BoardListView.swift in Sources */,
				A98C55682820FF5B003072A5 /* TestCalendarView.swift in Sources */,
				A9637E5F278FE5E1005E4654 /* Badge.swift in Sources */,
				A9D71BEC282E296700BCF4D7 /* TimelineInterval.intentdefinition in Sources */,
				A938B3352790F9F100B43CD5 /* SampleTextView.swift in Sources */,
				A9C033DD281BB60E0028D8C0 /* GraphView.swift in Sources */,
				A9637E5B278FB92F005E4654 /* ButtonStyles.swift in Sources */,
				A9637E59278FB8BA005E4654 /* SampleButtonView.swift in Sources */,
				A9637E67278FEF41005E4654 /* AuthInterceptor.swift in Sources */,
				A96D32E528177542004E9CCE /* Country+CoreDataClass.swift in Sources */,
				A912473528C09C530082285D /* Delaunay.swift in Sources */,
				A99FA6BB28C077040044BECB /* TestPreferenceView.swift in Sources */,
				A9637E86278FFA0E005E4654 /* SampleCoreConfig.swift in Sources */,
				732D823228127F8600EFF407 /* MyImageView.swift in Sources */,
				A9637E83278FF9F1005E4654 /* MainView.swift in Sources */,
				A9637E8B279001EE005E4654 /* Config.swift in Sources */,
				A96D32E728177542004E9CCE /* Candy+CoreDataClass.swift in Sources */,
				A94122CA280FF4DE0025F8D4 /* BookView.swift in Sources */,
				A9637E69278FEF41005E4654 /* Router.swift in Sources */,
				A96D32E628177542004E9CCE /* Country+CoreDataProperties.swift in Sources */,
				A912473328C09C530082285D /* Vertex.swift in Sources */,
				A912473128C09C530082285D /* Extension.swift in Sources */,
				A96C7D9E281BA00900968949 /* BarcodeView.swift in Sources */,
				732D823B281281B900EFF407 /* ConcurrencyView.swift in Sources */,
				732D82372812801800EFF407 /* ConcurrencyModel.swift in Sources */,
				A9637E68278FEF41005E4654 /* APIManager.swift in Sources */,
				A912472D28C09C530082285D /* TriangulationView.swift in Sources */,
				732D82262812773800EFF407 /* LaunchModel.swift in Sources */,
				A95B3C66281FAFC400FAA802 /* TestMyFileView.swift in Sources */,
				A9637E8D27900201005E4654 /* ConfigKey.swift in Sources */,
				A96D32ED28177D2C004E9CCE /* CountryListView.swift in Sources */,
				A94CB8B5278FA48400AFFB98 /* TemplateApp.swift in Sources */,
				A9637E6A278FEF41005E4654 /* WebPages.swift in Sources */,
				A94122D0280FF60F0025F8D4 /* BookContainerView.swift in Sources */,
				A9637E5D278FE2A5005E4654 /* SampleBadgeView.swift in Sources */,
				A912473028C09C530082285D /* Edge.swift in Sources */,
				A98C556B2821146D003072A5 /* SlideMenuView.swift in Sources */,
				A9637E80278FF4DE005E4654 /* CoreConfig.swift in Sources */,
				732D823E281281F800EFF407 /* ConfigView.swift in Sources */,
				A912472E28C09C530082285D /* Hash.swift in Sources */,
				A99FA6B928C067050044BECB /* TestScrollViewOffsetView.swift in Sources */,
				A9761B422828DBD0007A0827 /* WidgetContent.swift in Sources */,
				A94122CC280FF4E90025F8D4 /* BookEditView.swift in Sources */,
				A938B3332790F3D600B43CD5 /* TextModifer.swift in Sources */,
				A912473428C09C530082285D /* Triangle.swift in Sources */,
				A98C55662820F537003072A5 /* App+Font.swift in Sources */,
				732D822B2812790D00EFF407 /* TestLottieView.swift in Sources */,
				A96D32F128178B61004E9CCE /* Config+CoreDataProperties.swift in Sources */,
				A912472F28C09C530082285D /* Circumcircle.swift in Sources */,
				A9D71BE1282DF0B800BCF4D7 /* ContentRepository.swift in Sources */,
				A912472128C09AE50082285D /* Triangulation .swift in Sources */,
				732D82402812820600EFF407 /* ConfigModel.swift in Sources */,
				A96D32F028178B61004E9CCE /* Config+CoreDataClass.swift in Sources */,
				A96C7DA0281BA0B900968949 /* TestArchiveView.swift in Sources */,
				A9C033E1281BBD010028D8C0 /* TestLSSButtonStyleView.swift in Sources */,
				A957FFA5282A466F005B7572 /* Extensions+FileManager.swift in Sources */,
				A994A4E728220683007D3D05 /* LoginView.swift in Sources */,
				A98C55642820F41C003072A5 /* App+Color.swift in Sources */,
			);
			runOnlyForDeploymentPostprocessing = 0;
		};
		A94CB8C2278FA48500AFFB98 /* Sources */ = {
			isa = PBXSourcesBuildPhase;
			buildActionMask = 2147483647;
			files = (
				A994A4F228223973007D3D05 /* App+URL.swift in Sources */,
				A994A4F628224466007D3D05 /* ConfigKey.swift in Sources */,
				A994A4F528224448007D3D05 /* ConfigKeyTests.swift in Sources */,
				A94CB8CB278FA48500AFFB98 /* TemplateTests.swift in Sources */,
				A994A4F128223924007D3D05 /* App+URLTests.swift in Sources */,
			);
			runOnlyForDeploymentPostprocessing = 0;
		};
		A94CB8CC278FA48500AFFB98 /* Sources */ = {
			isa = PBXSourcesBuildPhase;
			buildActionMask = 2147483647;
			files = (
				A994A4F328223977007D3D05 /* App+URL.swift in Sources */,
				A94CB8D7278FA48500AFFB98 /* TemplateUITestsLaunchTests.swift in Sources */,
				A94CB8D5278FA48500AFFB98 /* TemplateUITests.swift in Sources */,
			);
			runOnlyForDeploymentPostprocessing = 0;
		};
		A9761B2E2828CF21007A0827 /* Sources */ = {
			isa = PBXSourcesBuildPhase;
			buildActionMask = 2147483647;
			files = (
				A9761B372828CF21007A0827 /* MyWidget.swift in Sources */,
				A9D71BEB282E295800BCF4D7 /* TimelineInterval.intentdefinition in Sources */,
				A9D71BE2282DF4B400BCF4D7 /* Extensions+FileManager.swift in Sources */,
				A9761B432828DBD0007A0827 /* WidgetContent.swift in Sources */,
				A9761B452828DC2E007A0827 /* EntryView.swift in Sources */,
			);
			runOnlyForDeploymentPostprocessing = 0;
		};
/* End PBXSourcesBuildPhase section */

/* Begin PBXTargetDependency section */
		A94CB8C8278FA48500AFFB98 /* PBXTargetDependency */ = {
			isa = PBXTargetDependency;
			target = A94CB8B0278FA48400AFFB98 /* Template */;
			targetProxy = A94CB8C7278FA48500AFFB98 /* PBXContainerItemProxy */;
		};
		A94CB8D2278FA48500AFFB98 /* PBXTargetDependency */ = {
			isa = PBXTargetDependency;
			target = A94CB8B0278FA48400AFFB98 /* Template */;
			targetProxy = A94CB8D1278FA48500AFFB98 /* PBXContainerItemProxy */;
		};
		A9761B3C2828CF22007A0827 /* PBXTargetDependency */ = {
			isa = PBXTargetDependency;
			target = A9761B312828CF21007A0827 /* MyWidgetExtension */;
			targetProxy = A9761B3B2828CF22007A0827 /* PBXContainerItemProxy */;
		};
/* End PBXTargetDependency section */

/* Begin XCBuildConfiguration section */
		A94CB8D8278FA48500AFFB98 /* Debug */ = {
			isa = XCBuildConfiguration;
			buildSettings = {
				ALWAYS_SEARCH_USER_PATHS = NO;
				CLANG_ANALYZER_NONNULL = YES;
				CLANG_ANALYZER_NUMBER_OBJECT_CONVERSION = YES_AGGRESSIVE;
				CLANG_CXX_LANGUAGE_STANDARD = "gnu++17";
				CLANG_CXX_LIBRARY = "libc++";
				CLANG_ENABLE_MODULES = YES;
				CLANG_ENABLE_OBJC_ARC = YES;
				CLANG_ENABLE_OBJC_WEAK = YES;
				CLANG_WARN_BLOCK_CAPTURE_AUTORELEASING = YES;
				CLANG_WARN_BOOL_CONVERSION = YES;
				CLANG_WARN_COMMA = YES;
				CLANG_WARN_CONSTANT_CONVERSION = YES;
				CLANG_WARN_DEPRECATED_OBJC_IMPLEMENTATIONS = YES;
				CLANG_WARN_DIRECT_OBJC_ISA_USAGE = YES_ERROR;
				CLANG_WARN_DOCUMENTATION_COMMENTS = YES;
				CLANG_WARN_EMPTY_BODY = YES;
				CLANG_WARN_ENUM_CONVERSION = YES;
				CLANG_WARN_INFINITE_RECURSION = YES;
				CLANG_WARN_INT_CONVERSION = YES;
				CLANG_WARN_NON_LITERAL_NULL_CONVERSION = YES;
				CLANG_WARN_OBJC_IMPLICIT_RETAIN_SELF = YES;
				CLANG_WARN_OBJC_LITERAL_CONVERSION = YES;
				CLANG_WARN_OBJC_ROOT_CLASS = YES_ERROR;
				CLANG_WARN_QUOTED_INCLUDE_IN_FRAMEWORK_HEADER = YES;
				CLANG_WARN_RANGE_LOOP_ANALYSIS = YES;
				CLANG_WARN_STRICT_PROTOTYPES = YES;
				CLANG_WARN_SUSPICIOUS_MOVE = YES;
				CLANG_WARN_UNGUARDED_AVAILABILITY = YES_AGGRESSIVE;
				CLANG_WARN_UNREACHABLE_CODE = YES;
				CLANG_WARN__DUPLICATE_METHOD_MATCH = YES;
				COPY_PHASE_STRIP = NO;
				DEBUG_INFORMATION_FORMAT = dwarf;
				ENABLE_STRICT_OBJC_MSGSEND = YES;
				ENABLE_TESTABILITY = YES;
				GCC_C_LANGUAGE_STANDARD = gnu11;
				GCC_DYNAMIC_NO_PIC = NO;
				GCC_NO_COMMON_BLOCKS = YES;
				GCC_OPTIMIZATION_LEVEL = 0;
				GCC_PREPROCESSOR_DEFINITIONS = (
					"DEBUG=1",
					"$(inherited)",
				);
				GCC_WARN_64_TO_32_BIT_CONVERSION = YES;
				GCC_WARN_ABOUT_RETURN_TYPE = YES_ERROR;
				GCC_WARN_UNDECLARED_SELECTOR = YES;
				GCC_WARN_UNINITIALIZED_AUTOS = YES_AGGRESSIVE;
				GCC_WARN_UNUSED_FUNCTION = YES;
				GCC_WARN_UNUSED_VARIABLE = YES;
				IPHONEOS_DEPLOYMENT_TARGET = 15.2;
				MTL_ENABLE_DEBUG_INFO = INCLUDE_SOURCE;
				MTL_FAST_MATH = YES;
				ONLY_ACTIVE_ARCH = YES;
				SDKROOT = iphoneos;
				SWIFT_ACTIVE_COMPILATION_CONDITIONS = DEBUG;
				SWIFT_OPTIMIZATION_LEVEL = "-Onone";
			};
			name = Debug;
		};
		A94CB8D9278FA48500AFFB98 /* Release */ = {
			isa = XCBuildConfiguration;
			buildSettings = {
				ALWAYS_SEARCH_USER_PATHS = NO;
				CLANG_ANALYZER_NONNULL = YES;
				CLANG_ANALYZER_NUMBER_OBJECT_CONVERSION = YES_AGGRESSIVE;
				CLANG_CXX_LANGUAGE_STANDARD = "gnu++17";
				CLANG_CXX_LIBRARY = "libc++";
				CLANG_ENABLE_MODULES = YES;
				CLANG_ENABLE_OBJC_ARC = YES;
				CLANG_ENABLE_OBJC_WEAK = YES;
				CLANG_WARN_BLOCK_CAPTURE_AUTORELEASING = YES;
				CLANG_WARN_BOOL_CONVERSION = YES;
				CLANG_WARN_COMMA = YES;
				CLANG_WARN_CONSTANT_CONVERSION = YES;
				CLANG_WARN_DEPRECATED_OBJC_IMPLEMENTATIONS = YES;
				CLANG_WARN_DIRECT_OBJC_ISA_USAGE = YES_ERROR;
				CLANG_WARN_DOCUMENTATION_COMMENTS = YES;
				CLANG_WARN_EMPTY_BODY = YES;
				CLANG_WARN_ENUM_CONVERSION = YES;
				CLANG_WARN_INFINITE_RECURSION = YES;
				CLANG_WARN_INT_CONVERSION = YES;
				CLANG_WARN_NON_LITERAL_NULL_CONVERSION = YES;
				CLANG_WARN_OBJC_IMPLICIT_RETAIN_SELF = YES;
				CLANG_WARN_OBJC_LITERAL_CONVERSION = YES;
				CLANG_WARN_OBJC_ROOT_CLASS = YES_ERROR;
				CLANG_WARN_QUOTED_INCLUDE_IN_FRAMEWORK_HEADER = YES;
				CLANG_WARN_RANGE_LOOP_ANALYSIS = YES;
				CLANG_WARN_STRICT_PROTOTYPES = YES;
				CLANG_WARN_SUSPICIOUS_MOVE = YES;
				CLANG_WARN_UNGUARDED_AVAILABILITY = YES_AGGRESSIVE;
				CLANG_WARN_UNREACHABLE_CODE = YES;
				CLANG_WARN__DUPLICATE_METHOD_MATCH = YES;
				COPY_PHASE_STRIP = NO;
				DEBUG_INFORMATION_FORMAT = "dwarf-with-dsym";
				ENABLE_NS_ASSERTIONS = NO;
				ENABLE_STRICT_OBJC_MSGSEND = YES;
				GCC_C_LANGUAGE_STANDARD = gnu11;
				GCC_NO_COMMON_BLOCKS = YES;
				GCC_WARN_64_TO_32_BIT_CONVERSION = YES;
				GCC_WARN_ABOUT_RETURN_TYPE = YES_ERROR;
				GCC_WARN_UNDECLARED_SELECTOR = YES;
				GCC_WARN_UNINITIALIZED_AUTOS = YES_AGGRESSIVE;
				GCC_WARN_UNUSED_FUNCTION = YES;
				GCC_WARN_UNUSED_VARIABLE = YES;
				IPHONEOS_DEPLOYMENT_TARGET = 15.2;
				MTL_ENABLE_DEBUG_INFO = NO;
				MTL_FAST_MATH = YES;
				SDKROOT = iphoneos;
				SWIFT_COMPILATION_MODE = wholemodule;
				SWIFT_OPTIMIZATION_LEVEL = "-O";
				VALIDATE_PRODUCT = YES;
			};
			name = Release;
		};
		A94CB8DB278FA48500AFFB98 /* Debug */ = {
			isa = XCBuildConfiguration;
			buildSettings = {
				ALWAYS_EMBED_SWIFT_STANDARD_LIBRARIES = YES;
				ASSETCATALOG_COMPILER_APPICON_NAME = AppIcon;
				ASSETCATALOG_COMPILER_GLOBAL_ACCENT_COLOR_NAME = AccentColor;
				CODE_SIGN_ENTITLEMENTS = Template/Template.entitlements;
				CODE_SIGN_STYLE = Automatic;
				CURRENT_PROJECT_VERSION = 1;
				DEVELOPMENT_ASSET_PATHS = "\"Template/Preview Content\"";
				DEVELOPMENT_TEAM = HA4DY673VG;
				ENABLE_PREVIEWS = YES;
				GENERATE_INFOPLIST_FILE = YES;
				INFOPLIST_FILE = Template/Info.plist;
				INFOPLIST_KEY_NSAppleMusicUsageDescription = "미디어 앨범 사용";
				INFOPLIST_KEY_NSCameraUsageDescription = "카메라 사용";
				INFOPLIST_KEY_NSMicrophoneUsageDescription = "녹음기 사용";
				INFOPLIST_KEY_NSPhotoLibraryAddUsageDescription = "앨범 추가 사용 ";
				INFOPLIST_KEY_NSPhotoLibraryUsageDescription = "앨범 사용";
				INFOPLIST_KEY_UIApplicationSceneManifest_Generation = YES;
				INFOPLIST_KEY_UIApplicationSupportsIndirectInputEvents = YES;
				INFOPLIST_KEY_UILaunchScreen_Generation = YES;
				INFOPLIST_KEY_UISupportedInterfaceOrientations = UIInterfaceOrientationPortrait;
				INFOPLIST_KEY_UISupportedInterfaceOrientations_iPad = "UIInterfaceOrientationPortrait UIInterfaceOrientationPortraitUpsideDown UIInterfaceOrientationLandscapeLeft UIInterfaceOrientationLandscapeRight";
				INFOPLIST_KEY_UISupportedInterfaceOrientations_iPhone = "UIInterfaceOrientationPortrait UIInterfaceOrientationLandscapeLeft UIInterfaceOrientationLandscapeRight";
				LD_RUNPATH_SEARCH_PATHS = (
					"$(inherited)",
					"@executable_path/Frameworks",
				);
				MARKETING_VERSION = 1.0;
				PRODUCT_BUNDLE_IDENTIFIER = kr.co.vitus.Test;
				PRODUCT_NAME = "$(TARGET_NAME)";
				SWIFT_EMIT_LOC_STRINGS = YES;
				SWIFT_VERSION = 5.0;
				TARGETED_DEVICE_FAMILY = 1;
			};
			name = Debug;
		};
		A94CB8DC278FA48500AFFB98 /* Release */ = {
			isa = XCBuildConfiguration;
			buildSettings = {
				ALWAYS_EMBED_SWIFT_STANDARD_LIBRARIES = YES;
				ASSETCATALOG_COMPILER_APPICON_NAME = AppIcon;
				ASSETCATALOG_COMPILER_GLOBAL_ACCENT_COLOR_NAME = AccentColor;
				CODE_SIGN_ENTITLEMENTS = Template/Template.entitlements;
				CODE_SIGN_STYLE = Automatic;
				CURRENT_PROJECT_VERSION = 1;
				DEVELOPMENT_ASSET_PATHS = "\"Template/Preview Content\"";
				DEVELOPMENT_TEAM = HA4DY673VG;
				ENABLE_PREVIEWS = YES;
				GENERATE_INFOPLIST_FILE = YES;
				INFOPLIST_FILE = Template/Info.plist;
				INFOPLIST_KEY_NSAppleMusicUsageDescription = "미디어 앨범 사용";
				INFOPLIST_KEY_NSCameraUsageDescription = "카메라 사용";
				INFOPLIST_KEY_NSMicrophoneUsageDescription = "녹음기 사용";
				INFOPLIST_KEY_NSPhotoLibraryAddUsageDescription = "앨범 추가 사용 ";
				INFOPLIST_KEY_NSPhotoLibraryUsageDescription = "앨범 사용";
				INFOPLIST_KEY_UIApplicationSceneManifest_Generation = YES;
				INFOPLIST_KEY_UIApplicationSupportsIndirectInputEvents = YES;
				INFOPLIST_KEY_UILaunchScreen_Generation = YES;
				INFOPLIST_KEY_UISupportedInterfaceOrientations = UIInterfaceOrientationPortrait;
				INFOPLIST_KEY_UISupportedInterfaceOrientations_iPad = "UIInterfaceOrientationPortrait UIInterfaceOrientationPortraitUpsideDown UIInterfaceOrientationLandscapeLeft UIInterfaceOrientationLandscapeRight";
				INFOPLIST_KEY_UISupportedInterfaceOrientations_iPhone = "UIInterfaceOrientationPortrait UIInterfaceOrientationLandscapeLeft UIInterfaceOrientationLandscapeRight";
				LD_RUNPATH_SEARCH_PATHS = (
					"$(inherited)",
					"@executable_path/Frameworks",
				);
				MARKETING_VERSION = 1.0;
				PRODUCT_BUNDLE_IDENTIFIER = kr.co.vitus.Test;
				PRODUCT_NAME = "$(TARGET_NAME)";
				SWIFT_EMIT_LOC_STRINGS = YES;
				SWIFT_VERSION = 5.0;
				TARGETED_DEVICE_FAMILY = 1;
			};
			name = Release;
		};
		A94CB8DE278FA48500AFFB98 /* Debug */ = {
			isa = XCBuildConfiguration;
			buildSettings = {
				ALWAYS_EMBED_SWIFT_STANDARD_LIBRARIES = YES;
				BUNDLE_LOADER = "$(TEST_HOST)";
				CODE_SIGN_STYLE = Automatic;
				CURRENT_PROJECT_VERSION = 1;
				DEVELOPMENT_TEAM = FP29HYJY6Q;
				GENERATE_INFOPLIST_FILE = YES;
				IPHONEOS_DEPLOYMENT_TARGET = 15.2;
				MARKETING_VERSION = 1.0;
				PRODUCT_BUNDLE_IDENTIFIER = kr.doubled.TemplateTests;
				PRODUCT_NAME = "$(TARGET_NAME)";
				SWIFT_EMIT_LOC_STRINGS = NO;
				SWIFT_VERSION = 5.0;
				TARGETED_DEVICE_FAMILY = "1,2";
				TEST_HOST = "$(BUILT_PRODUCTS_DIR)/Template.app/Template";
			};
			name = Debug;
		};
		A94CB8DF278FA48500AFFB98 /* Release */ = {
			isa = XCBuildConfiguration;
			buildSettings = {
				ALWAYS_EMBED_SWIFT_STANDARD_LIBRARIES = YES;
				BUNDLE_LOADER = "$(TEST_HOST)";
				CODE_SIGN_STYLE = Automatic;
				CURRENT_PROJECT_VERSION = 1;
				DEVELOPMENT_TEAM = FP29HYJY6Q;
				GENERATE_INFOPLIST_FILE = YES;
				IPHONEOS_DEPLOYMENT_TARGET = 15.2;
				MARKETING_VERSION = 1.0;
				PRODUCT_BUNDLE_IDENTIFIER = kr.doubled.TemplateTests;
				PRODUCT_NAME = "$(TARGET_NAME)";
				SWIFT_EMIT_LOC_STRINGS = NO;
				SWIFT_VERSION = 5.0;
				TARGETED_DEVICE_FAMILY = "1,2";
				TEST_HOST = "$(BUILT_PRODUCTS_DIR)/Template.app/Template";
			};
			name = Release;
		};
		A94CB8E1278FA48500AFFB98 /* Debug */ = {
			isa = XCBuildConfiguration;
			buildSettings = {
				ALWAYS_EMBED_SWIFT_STANDARD_LIBRARIES = YES;
				CODE_SIGN_STYLE = Automatic;
				CURRENT_PROJECT_VERSION = 1;
				DEVELOPMENT_TEAM = FP29HYJY6Q;
				GENERATE_INFOPLIST_FILE = YES;
				MARKETING_VERSION = 1.0;
				PRODUCT_BUNDLE_IDENTIFIER = kr.doubled.TemplateUITests;
				PRODUCT_NAME = "$(TARGET_NAME)";
				SWIFT_EMIT_LOC_STRINGS = NO;
				SWIFT_VERSION = 5.0;
				TARGETED_DEVICE_FAMILY = "1,2";
				TEST_TARGET_NAME = Template;
			};
			name = Debug;
		};
		A94CB8E2278FA48500AFFB98 /* Release */ = {
			isa = XCBuildConfiguration;
			buildSettings = {
				ALWAYS_EMBED_SWIFT_STANDARD_LIBRARIES = YES;
				CODE_SIGN_STYLE = Automatic;
				CURRENT_PROJECT_VERSION = 1;
				DEVELOPMENT_TEAM = FP29HYJY6Q;
				GENERATE_INFOPLIST_FILE = YES;
				MARKETING_VERSION = 1.0;
				PRODUCT_BUNDLE_IDENTIFIER = kr.doubled.TemplateUITests;
				PRODUCT_NAME = "$(TARGET_NAME)";
				SWIFT_EMIT_LOC_STRINGS = NO;
				SWIFT_VERSION = 5.0;
				TARGETED_DEVICE_FAMILY = "1,2";
				TEST_TARGET_NAME = Template;
			};
			name = Release;
		};
		A9761B3F2828CF22007A0827 /* Debug */ = {
			isa = XCBuildConfiguration;
			buildSettings = {
				ASSETCATALOG_COMPILER_GLOBAL_ACCENT_COLOR_NAME = AccentColor;
				ASSETCATALOG_COMPILER_WIDGET_BACKGROUND_COLOR_NAME = WidgetBackground;
				CODE_SIGN_ENTITLEMENTS = MyWidgetExtension.entitlements;
				CODE_SIGN_STYLE = Automatic;
				CURRENT_PROJECT_VERSION = 1;
				DEVELOPMENT_TEAM = HA4DY673VG;
				GENERATE_INFOPLIST_FILE = YES;
				INFOPLIST_FILE = MyWidget/Info.plist;
				INFOPLIST_KEY_CFBundleDisplayName = MyWidget;
				INFOPLIST_KEY_NSHumanReadableCopyright = "";
				IPHONEOS_DEPLOYMENT_TARGET = 15.4;
				LD_RUNPATH_SEARCH_PATHS = (
					"$(inherited)",
					"@executable_path/Frameworks",
					"@executable_path/../../Frameworks",
				);
				MARKETING_VERSION = 1.0;
				PRODUCT_BUNDLE_IDENTIFIER = kr.co.vitus.Test.MyWidget;
				PRODUCT_NAME = "$(TARGET_NAME)";
				SKIP_INSTALL = YES;
				SWIFT_EMIT_LOC_STRINGS = YES;
				SWIFT_VERSION = 5.0;
				TARGETED_DEVICE_FAMILY = "1,2";
			};
			name = Debug;
		};
		A9761B402828CF22007A0827 /* Release */ = {
			isa = XCBuildConfiguration;
			buildSettings = {
				ASSETCATALOG_COMPILER_GLOBAL_ACCENT_COLOR_NAME = AccentColor;
				ASSETCATALOG_COMPILER_WIDGET_BACKGROUND_COLOR_NAME = WidgetBackground;
				CODE_SIGN_ENTITLEMENTS = MyWidgetExtension.entitlements;
				CODE_SIGN_STYLE = Automatic;
				CURRENT_PROJECT_VERSION = 1;
				DEVELOPMENT_TEAM = HA4DY673VG;
				GENERATE_INFOPLIST_FILE = YES;
				INFOPLIST_FILE = MyWidget/Info.plist;
				INFOPLIST_KEY_CFBundleDisplayName = MyWidget;
				INFOPLIST_KEY_NSHumanReadableCopyright = "";
				IPHONEOS_DEPLOYMENT_TARGET = 15.4;
				LD_RUNPATH_SEARCH_PATHS = (
					"$(inherited)",
					"@executable_path/Frameworks",
					"@executable_path/../../Frameworks",
				);
				MARKETING_VERSION = 1.0;
				PRODUCT_BUNDLE_IDENTIFIER = kr.co.vitus.Test.MyWidget;
				PRODUCT_NAME = "$(TARGET_NAME)";
				SKIP_INSTALL = YES;
				SWIFT_EMIT_LOC_STRINGS = YES;
				SWIFT_VERSION = 5.0;
				TARGETED_DEVICE_FAMILY = "1,2";
			};
			name = Release;
		};
/* End XCBuildConfiguration section */

/* Begin XCConfigurationList section */
		A94CB8AC278FA48400AFFB98 /* Build configuration list for PBXProject "Template" */ = {
			isa = XCConfigurationList;
			buildConfigurations = (
				A94CB8D8278FA48500AFFB98 /* Debug */,
				A94CB8D9278FA48500AFFB98 /* Release */,
			);
			defaultConfigurationIsVisible = 0;
			defaultConfigurationName = Release;
		};
		A94CB8DA278FA48500AFFB98 /* Build configuration list for PBXNativeTarget "Template" */ = {
			isa = XCConfigurationList;
			buildConfigurations = (
				A94CB8DB278FA48500AFFB98 /* Debug */,
				A94CB8DC278FA48500AFFB98 /* Release */,
			);
			defaultConfigurationIsVisible = 0;
			defaultConfigurationName = Release;
		};
		A94CB8DD278FA48500AFFB98 /* Build configuration list for PBXNativeTarget "TemplateTests" */ = {
			isa = XCConfigurationList;
			buildConfigurations = (
				A94CB8DE278FA48500AFFB98 /* Debug */,
				A94CB8DF278FA48500AFFB98 /* Release */,
			);
			defaultConfigurationIsVisible = 0;
			defaultConfigurationName = Release;
		};
		A94CB8E0278FA48500AFFB98 /* Build configuration list for PBXNativeTarget "TemplateUITests" */ = {
			isa = XCConfigurationList;
			buildConfigurations = (
				A94CB8E1278FA48500AFFB98 /* Debug */,
				A94CB8E2278FA48500AFFB98 /* Release */,
			);
			defaultConfigurationIsVisible = 0;
			defaultConfigurationName = Release;
		};
		A9761B3E2828CF22007A0827 /* Build configuration list for PBXNativeTarget "MyWidgetExtension" */ = {
			isa = XCConfigurationList;
			buildConfigurations = (
				A9761B3F2828CF22007A0827 /* Debug */,
				A9761B402828CF22007A0827 /* Release */,
			);
			defaultConfigurationIsVisible = 0;
			defaultConfigurationName = Release;
		};
/* End XCConfigurationList section */

/* Begin XCRemoteSwiftPackageReference section */
		732D821D28123D1C00EFF407 /* XCRemoteSwiftPackageReference "realm-swift" */ = {
			isa = XCRemoteSwiftPackageReference;
			repositoryURL = "https://github.com/realm/realm-swift.git";
			requirement = {
				branch = master;
				kind = branch;
			};
		};
		A9637E7B278FF1AD005E4654 /* XCRemoteSwiftPackageReference "LSSLibrary" */ = {
			isa = XCRemoteSwiftPackageReference;
			repositoryURL = "https://github.com/vituscokr/LSSLibrary.git";
			requirement = {
				branch = master;
				kind = branch;
			};
		};
		A994A4EB28221056007D3D05 /* XCRemoteSwiftPackageReference "ViewInspector" */ = {
			isa = XCRemoteSwiftPackageReference;
			repositoryURL = "https://github.com/nalexn/ViewInspector";
			requirement = {
				branch = master;
				kind = branch;
			};
		};
/* End XCRemoteSwiftPackageReference section */

/* Begin XCSwiftPackageProductDependency section */
		732D821E28123D1C00EFF407 /* Realm */ = {
			isa = XCSwiftPackageProductDependency;
			package = 732D821D28123D1C00EFF407 /* XCRemoteSwiftPackageReference "realm-swift" */;
			productName = Realm;
		};
		732D822028123D1C00EFF407 /* RealmSwift */ = {
			isa = XCSwiftPackageProductDependency;
			package = 732D821D28123D1C00EFF407 /* XCRemoteSwiftPackageReference "realm-swift" */;
			productName = RealmSwift;
		};
		A9637E7C278FF1AD005E4654 /* LSSLibrary */ = {
			isa = XCSwiftPackageProductDependency;
			package = A9637E7B278FF1AD005E4654 /* XCRemoteSwiftPackageReference "LSSLibrary" */;
			productName = LSSLibrary;
		};
		A994A4EC28221056007D3D05 /* ViewInspector */ = {
			isa = XCSwiftPackageProductDependency;
			package = A994A4EB28221056007D3D05 /* XCRemoteSwiftPackageReference "ViewInspector" */;
			productName = ViewInspector;
		};
/* End XCSwiftPackageProductDependency section */

/* Begin XCVersionGroup section */
		A94CB8BF278FA48500AFFB98 /* Template.xcdatamodeld */ = {
			isa = XCVersionGroup;
			children = (
				A94CB8C0278FA48500AFFB98 /* Template.xcdatamodel */,
			);
			currentVersion = A94CB8C0278FA48500AFFB98 /* Template.xcdatamodel */;
			path = Template.xcdatamodeld;
			sourceTree = "<group>";
			versionGroupType = wrapper.xcdatamodel;
		};
/* End XCVersionGroup section */
	};
	rootObject = A94CB8A9278FA48400AFFB98 /* Project object */;
}
